
Microsoft Visual Studio Solution File, Format Version 12.00
# Visual Studio 15
VisualStudioVersion = 15.0.27130.2026
MinimumVisualStudioVersion = 10.0.40219.1
Project("{9A19103F-16F7-4668-BE54-9A1E7A4F7556}") = "UnitTest", "UnitTest\UnitTest.csproj", "{35FE531D-CC85-409C-85A4-30B513AD6EF9}"
EndProject
Project("{2150E333-8FDC-42A3-9474-1A3956D46DE8}") = "Test", "Test", "{63D147E1-8D2E-43D4-B322-6C1F1D61531A}"
EndProject
Project("{9A19103F-16F7-4668-BE54-9A1E7A4F7556}") = "MiddlewareDemo", "Middleware\MiddlewareDemo\MiddlewareDemo.csproj", "{6710EE95-B96C-430B-902B-95D9ADE00327}"
EndProject
Project("{2150E333-8FDC-42A3-9474-1A3956D46DE8}") = "Middleware", "Middleware", "{B15AC219-4803-4667-9ABD-2C08B34F7A60}"
EndProject
Project("{9A19103F-16F7-4668-BE54-9A1E7A4F7556}") = "Robert.Middleware", "Middleware\Robert.Middleware\Robert.Middleware.csproj", "{D1DEC056-FA95-40AC-B1FC-27E9D9895C56}"
EndProject
Project("{2150E333-8FDC-42A3-9474-1A3956D46DE8}") = "WebSocket", "WebSocket", "{BF9E1011-C3BF-4A89-9E17-5A280AC889C5}"
EndProject
Project("{9A19103F-16F7-4668-BE54-9A1E7A4F7556}") = "OfficialWSDemo", "WebSocket\OfficialWSDemo\OfficialWSDemo.csproj", "{A08F62B8-7093-48F4-AB7B-C258DA91E17D}"
EndProject
Project("{9A19103F-16F7-4668-BE54-9A1E7A4F7556}") = "RealTimeWSDemo", "WebSocket\RealTimeWSDemo\RealTimeWSDemo.csproj", "{A2A05CD3-BCCE-4EC5-80B6-34747EA26AFB}"
EndProject
Project("{9A19103F-16F7-4668-BE54-9A1E7A4F7556}") = "WSRecieveConsoleDemo", "WebSocket\SimpleWebSocketConsoleDemo\WSRecieveConsoleDemo.csproj", "{4C438341-93F0-40D9-B46F-96C64E5383A5}"
EndProject
Project("{9A19103F-16F7-4668-BE54-9A1E7A4F7556}") = "WebSocketClient", "WebSocket\WebSocketClient\WebSocketClient.csproj", "{9A576CF5-F0FA-4E5C-897B-998242DC1D0A}"
EndProject
Project("{9A19103F-16F7-4668-BE54-9A1E7A4F7556}") = "WebSocketCommon", "WebSocket\WebSocketCommon\WebSocketCommon.csproj", "{E20507D9-C30E-44F7-AFF4-956172A5A3BC}"
EndProject
Project("{9A19103F-16F7-4668-BE54-9A1E7A4F7556}") = "WebSocketManage", "WebSocket\WebSocketManage\WebSocketManage.csproj", "{E865891D-361B-4878-9EBB-B87854D45CE0}"
EndProject
Project("{9A19103F-16F7-4668-BE54-9A1E7A4F7556}") = "WSMvcDemo", "WebSocket\WSMvcDemo\WSMvcDemo.csproj", "{F9ABC83E-1193-4449-AEB1-FEA6B15ED374}"
EndProject
Project("{2150E333-8FDC-42A3-9474-1A3956D46DE8}") = "Globaliation", "Globaliation", "{8B81E05E-9F87-4B47-9E4A-40D968E3071E}"
EndProject
Project("{9A19103F-16F7-4668-BE54-9A1E7A4F7556}") = "GlobalDemo", "Globalization\GlobalDemo\GlobalDemo.csproj", "{E054E5AC-7C3D-4734-A4D2-BA310DC0576A}"
EndProject
Project("{2150E333-8FDC-42A3-9474-1A3956D46DE8}") = "EntityFrameworkCore", "EntityFrameworkCore", "{C028ED1C-47FB-440F-B488-EEF7F6BFA7B4}"
EndProject
Project("{9A19103F-16F7-4668-BE54-9A1E7A4F7556}") = "EFWebDemo", "EntityFrameworkCore\EFWebDemo\EFWebDemo.csproj", "{0D78D734-6090-4457-B792-4C36D4CBB742}"
EndProject
Project("{9A19103F-16F7-4668-BE54-9A1E7A4F7556}") = "EFConsoleDemo", "EntityFrameworkCore\EFConsoleDemo\EFConsoleDemo.csproj", "{4CAB6AD6-A32A-42EC-B653-FF067C2172BE}"
EndProject
Project("{9A19103F-16F7-4668-BE54-9A1E7A4F7556}") = "DoubleClickDemo", "DoubleClickDemo\DoubleClickDemo.csproj", "{5041DC6B-4BDC-4CEB-A5D7-0C1FFDE0A59A}"
EndProject
Project("{9A19103F-16F7-4668-BE54-9A1E7A4F7556}") = "MultipleTaskDemo", "MultipleTaskDemo\MultipleTaskDemo.csproj", "{B0CF60B2-84E2-4822-938F-3E6394D3FE67}"
EndProject
Project("{2150E333-8FDC-42A3-9474-1A3956D46DE8}") = "DoubleClick", "DoubleClick", "{A67B19F3-0567-4B2B-9231-8E3548DA45BD}"
EndProject
Project("{9A19103F-16F7-4668-BE54-9A1E7A4F7556}") = "OnlyPassGetDemo", "Middleware\OnlyPassGetDemo\OnlyPassGetDemo.csproj", "{3C8B601B-5D38-4CB3-92A6-5EE3889D2E7B}"
EndProject
Project("{FAE04EC0-301F-11D3-BF4B-00C04F79EFBC}") = "RegexMatchDemo", "RegexMatchDemo\RegexMatchDemo.csproj", "{936A93C4-0CF4-4A9B-B97A-50318A572D15}"
EndProject
Project("{2150E333-8FDC-42A3-9474-1A3956D46DE8}") = "Event", "Event", "{40903D5F-28D2-4C6B-9527-2CCE09BD1635}"
EndProject
Project("{FAE04EC0-301F-11D3-BF4B-00C04F79EFBC}") = "EventDemo", "Event\EventDemo\EventDemo.csproj", "{09CA2200-4CEE-492C-9E85-D36A88C1C429}"
EndProject
Project("{FAE04EC0-301F-11D3-BF4B-00C04F79EFBC}") = "CustomEvent", "Event\CustomEvent\CustomEvent.csproj", "{48516479-5516-4FD2-96B8-47B4B4D9436A}"
EndProject
Global
	GlobalSection(SolutionConfigurationPlatforms) = preSolution
		Debug|Any CPU = Debug|Any CPU
		Release|Any CPU = Release|Any CPU
		Debug|x64 = Debug|x64
		Debug|x86 = Debug|x86
		Release|x64 = Release|x64
		Release|x86 = Release|x86
	EndGlobalSection
	GlobalSection(ProjectConfigurationPlatforms) = postSolution
		{35FE531D-CC85-409C-85A4-30B513AD6EF9}.Debug|Any CPU.ActiveCfg = Debug|Any CPU
		{35FE531D-CC85-409C-85A4-30B513AD6EF9}.Debug|Any CPU.Build.0 = Debug|Any CPU
		{35FE531D-CC85-409C-85A4-30B513AD6EF9}.Release|Any CPU.ActiveCfg = Release|Any CPU
		{35FE531D-CC85-409C-85A4-30B513AD6EF9}.Release|Any CPU.Build.0 = Release|Any CPU
		{6710EE95-B96C-430B-902B-95D9ADE00327}.Debug|Any CPU.ActiveCfg = Debug|Any CPU
		{6710EE95-B96C-430B-902B-95D9ADE00327}.Debug|Any CPU.Build.0 = Debug|Any CPU
		{6710EE95-B96C-430B-902B-95D9ADE00327}.Release|Any CPU.ActiveCfg = Release|Any CPU
		{6710EE95-B96C-430B-902B-95D9ADE00327}.Release|Any CPU.Build.0 = Release|Any CPU
		{D1DEC056-FA95-40AC-B1FC-27E9D9895C56}.Debug|Any CPU.ActiveCfg = Debug|Any CPU
		{D1DEC056-FA95-40AC-B1FC-27E9D9895C56}.Debug|Any CPU.Build.0 = Debug|Any CPU
		{D1DEC056-FA95-40AC-B1FC-27E9D9895C56}.Release|Any CPU.ActiveCfg = Release|Any CPU
		{D1DEC056-FA95-40AC-B1FC-27E9D9895C56}.Release|Any CPU.Build.0 = Release|Any CPU
		{A08F62B8-7093-48F4-AB7B-C258DA91E17D}.Debug|Any CPU.ActiveCfg = Debug|Any CPU
		{A08F62B8-7093-48F4-AB7B-C258DA91E17D}.Debug|Any CPU.Build.0 = Debug|Any CPU
		{A08F62B8-7093-48F4-AB7B-C258DA91E17D}.Release|Any CPU.ActiveCfg = Release|Any CPU
		{A08F62B8-7093-48F4-AB7B-C258DA91E17D}.Release|Any CPU.Build.0 = Release|Any CPU
		{A2A05CD3-BCCE-4EC5-80B6-34747EA26AFB}.Debug|Any CPU.ActiveCfg = Debug|Any CPU
		{A2A05CD3-BCCE-4EC5-80B6-34747EA26AFB}.Debug|Any CPU.Build.0 = Debug|Any CPU
		{A2A05CD3-BCCE-4EC5-80B6-34747EA26AFB}.Release|Any CPU.ActiveCfg = Release|Any CPU
		{A2A05CD3-BCCE-4EC5-80B6-34747EA26AFB}.Release|Any CPU.Build.0 = Release|Any CPU
		{4C438341-93F0-40D9-B46F-96C64E5383A5}.Debug|Any CPU.ActiveCfg = Debug|Any CPU
		{4C438341-93F0-40D9-B46F-96C64E5383A5}.Debug|Any CPU.Build.0 = Debug|Any CPU
		{4C438341-93F0-40D9-B46F-96C64E5383A5}.Release|Any CPU.ActiveCfg = Release|Any CPU
		{4C438341-93F0-40D9-B46F-96C64E5383A5}.Release|Any CPU.Build.0 = Release|Any CPU
		{9A576CF5-F0FA-4E5C-897B-998242DC1D0A}.Debug|Any CPU.ActiveCfg = Debug|Any CPU
		{9A576CF5-F0FA-4E5C-897B-998242DC1D0A}.Debug|Any CPU.Build.0 = Debug|Any CPU
		{9A576CF5-F0FA-4E5C-897B-998242DC1D0A}.Release|Any CPU.ActiveCfg = Release|Any CPU
		{9A576CF5-F0FA-4E5C-897B-998242DC1D0A}.Release|Any CPU.Build.0 = Release|Any CPU
		{E20507D9-C30E-44F7-AFF4-956172A5A3BC}.Debug|Any CPU.ActiveCfg = Debug|Any CPU
		{E20507D9-C30E-44F7-AFF4-956172A5A3BC}.Debug|Any CPU.Build.0 = Debug|Any CPU
		{E20507D9-C30E-44F7-AFF4-956172A5A3BC}.Release|Any CPU.ActiveCfg = Release|Any CPU
		{E20507D9-C30E-44F7-AFF4-956172A5A3BC}.Release|Any CPU.Build.0 = Release|Any CPU
		{E865891D-361B-4878-9EBB-B87854D45CE0}.Debug|Any CPU.ActiveCfg = Debug|Any CPU
		{E865891D-361B-4878-9EBB-B87854D45CE0}.Debug|Any CPU.Build.0 = Debug|Any CPU
		{E865891D-361B-4878-9EBB-B87854D45CE0}.Release|Any CPU.ActiveCfg = Release|Any CPU
		{E865891D-361B-4878-9EBB-B87854D45CE0}.Release|Any CPU.Build.0 = Release|Any CPU
		{F9ABC83E-1193-4449-AEB1-FEA6B15ED374}.Debug|Any CPU.ActiveCfg = Debug|Any CPU
		{F9ABC83E-1193-4449-AEB1-FEA6B15ED374}.Debug|Any CPU.Build.0 = Debug|Any CPU
		{F9ABC83E-1193-4449-AEB1-FEA6B15ED374}.Release|Any CPU.ActiveCfg = Release|Any CPU
		{F9ABC83E-1193-4449-AEB1-FEA6B15ED374}.Release|Any CPU.Build.0 = Release|Any CPU
		{E054E5AC-7C3D-4734-A4D2-BA310DC0576A}.Debug|Any CPU.ActiveCfg = Debug|Any CPU
		{E054E5AC-7C3D-4734-A4D2-BA310DC0576A}.Debug|Any CPU.Build.0 = Debug|Any CPU
		{E054E5AC-7C3D-4734-A4D2-BA310DC0576A}.Release|Any CPU.ActiveCfg = Release|Any CPU
		{E054E5AC-7C3D-4734-A4D2-BA310DC0576A}.Release|Any CPU.Build.0 = Release|Any CPU
		{0D78D734-6090-4457-B792-4C36D4CBB742}.Debug|Any CPU.ActiveCfg = Debug|Any CPU
		{0D78D734-6090-4457-B792-4C36D4CBB742}.Debug|Any CPU.Build.0 = Debug|Any CPU
		{0D78D734-6090-4457-B792-4C36D4CBB742}.Release|Any CPU.ActiveCfg = Release|Any CPU
		{0D78D734-6090-4457-B792-4C36D4CBB742}.Release|Any CPU.Build.0 = Release|Any CPU
		{4CAB6AD6-A32A-42EC-B653-FF067C2172BE}.Debug|Any CPU.ActiveCfg = Debug|Any CPU
		{4CAB6AD6-A32A-42EC-B653-FF067C2172BE}.Debug|Any CPU.Build.0 = Debug|Any CPU
		{4CAB6AD6-A32A-42EC-B653-FF067C2172BE}.Release|Any CPU.ActiveCfg = Release|Any CPU
		{4CAB6AD6-A32A-42EC-B653-FF067C2172BE}.Release|Any CPU.Build.0 = Release|Any CPU
		{5041DC6B-4BDC-4CEB-A5D7-0C1FFDE0A59A}.Debug|Any CPU.ActiveCfg = Debug|Any CPU
		{5041DC6B-4BDC-4CEB-A5D7-0C1FFDE0A59A}.Debug|Any CPU.Build.0 = Debug|Any CPU
		{5041DC6B-4BDC-4CEB-A5D7-0C1FFDE0A59A}.Release|Any CPU.ActiveCfg = Release|Any CPU
		{5041DC6B-4BDC-4CEB-A5D7-0C1FFDE0A59A}.Release|Any CPU.Build.0 = Release|Any CPU
		{B0CF60B2-84E2-4822-938F-3E6394D3FE67}.Debug|Any CPU.ActiveCfg = Debug|Any CPU
		{B0CF60B2-84E2-4822-938F-3E6394D3FE67}.Debug|Any CPU.Build.0 = Debug|Any CPU
		{B0CF60B2-84E2-4822-938F-3E6394D3FE67}.Release|Any CPU.ActiveCfg = Release|Any CPU
		{B0CF60B2-84E2-4822-938F-3E6394D3FE67}.Release|Any CPU.Build.0 = Release|Any CPU
		{3C8B601B-5D38-4CB3-92A6-5EE3889D2E7B}.Debug|Any CPU.ActiveCfg = Debug|Any CPU
		{3C8B601B-5D38-4CB3-92A6-5EE3889D2E7B}.Debug|Any CPU.Build.0 = Debug|Any CPU
		{3C8B601B-5D38-4CB3-92A6-5EE3889D2E7B}.Release|Any CPU.ActiveCfg = Release|Any CPU
		{3C8B601B-5D38-4CB3-92A6-5EE3889D2E7B}.Release|Any CPU.Build.0 = Release|Any CPU
		{936A93C4-0CF4-4A9B-B97A-50318A572D15}.Debug|Any CPU.ActiveCfg = Debug|Any CPU
		{936A93C4-0CF4-4A9B-B97A-50318A572D15}.Debug|Any CPU.Build.0 = Debug|Any CPU
		{936A93C4-0CF4-4A9B-B97A-50318A572D15}.Debug|x64.ActiveCfg = Debug|x64
		{936A93C4-0CF4-4A9B-B97A-50318A572D15}.Debug|x64.Build.0 = Debug|x64
		{936A93C4-0CF4-4A9B-B97A-50318A572D15}.Debug|x86.ActiveCfg = Debug|x86
		{936A93C4-0CF4-4A9B-B97A-50318A572D15}.Debug|x86.Build.0 = Debug|x86
		{936A93C4-0CF4-4A9B-B97A-50318A572D15}.Release|Any CPU.ActiveCfg = Release|Any CPU
		{936A93C4-0CF4-4A9B-B97A-50318A572D15}.Release|Any CPU.Build.0 = Release|Any CPU
		{936A93C4-0CF4-4A9B-B97A-50318A572D15}.Release|x64.ActiveCfg = Release|x64
		{936A93C4-0CF4-4A9B-B97A-50318A572D15}.Release|x64.Build.0 = Release|x64
		{936A93C4-0CF4-4A9B-B97A-50318A572D15}.Release|x86.ActiveCfg = Release|x86
		{936A93C4-0CF4-4A9B-B97A-50318A572D15}.Release|x86.Build.0 = Release|x86
		{09CA2200-4CEE-492C-9E85-D36A88C1C429}.Debug|Any CPU.ActiveCfg = Debug|Any CPU
		{09CA2200-4CEE-492C-9E85-D36A88C1C429}.Debug|Any CPU.Build.0 = Debug|Any CPU
		{09CA2200-4CEE-492C-9E85-D36A88C1C429}.Debug|x64.ActiveCfg = Debug|x64
		{09CA2200-4CEE-492C-9E85-D36A88C1C429}.Debug|x64.Build.0 = Debug|x64
		{09CA2200-4CEE-492C-9E85-D36A88C1C429}.Debug|x86.ActiveCfg = Debug|x86
		{09CA2200-4CEE-492C-9E85-D36A88C1C429}.Debug|x86.Build.0 = Debug|x86
		{09CA2200-4CEE-492C-9E85-D36A88C1C429}.Release|Any CPU.ActiveCfg = Release|Any CPU
		{09CA2200-4CEE-492C-9E85-D36A88C1C429}.Release|Any CPU.Build.0 = Release|Any CPU
		{09CA2200-4CEE-492C-9E85-D36A88C1C429}.Release|x64.ActiveCfg = Release|x64
		{09CA2200-4CEE-492C-9E85-D36A88C1C429}.Release|x64.Build.0 = Release|x64
		{09CA2200-4CEE-492C-9E85-D36A88C1C429}.Release|x86.ActiveCfg = Release|x86
		{09CA2200-4CEE-492C-9E85-D36A88C1C429}.Release|x86.Build.0 = Release|x86
		{48516479-5516-4FD2-96B8-47B4B4D9436A}.Debug|Any CPU.ActiveCfg = Debug|Any CPU
		{48516479-5516-4FD2-96B8-47B4B4D9436A}.Debug|Any CPU.Build.0 = Debug|Any CPU
		{48516479-5516-4FD2-96B8-47B4B4D9436A}.Debug|x64.ActiveCfg = Debug|x64
		{48516479-5516-4FD2-96B8-47B4B4D9436A}.Debug|x64.Build.0 = Debug|x64
		{48516479-5516-4FD2-96B8-47B4B4D9436A}.Debug|x86.ActiveCfg = Debug|x86
		{48516479-5516-4FD2-96B8-47B4B4D9436A}.Debug|x86.Build.0 = Debug|x86
		{48516479-5516-4FD2-96B8-47B4B4D9436A}.Release|Any CPU.ActiveCfg = Release|Any CPU
		{48516479-5516-4FD2-96B8-47B4B4D9436A}.Release|Any CPU.Build.0 = Release|Any CPU
		{48516479-5516-4FD2-96B8-47B4B4D9436A}.Release|x64.ActiveCfg = Release|x64
		{48516479-5516-4FD2-96B8-47B4B4D9436A}.Release|x64.Build.0 = Release|x64
		{48516479-5516-4FD2-96B8-47B4B4D9436A}.Release|x86.ActiveCfg = Release|x86
		{48516479-5516-4FD2-96B8-47B4B4D9436A}.Release|x86.Build.0 = Release|x86
	EndGlobalSection
	GlobalSection(SolutionProperties) = preSolution
		HideSolutionNode = FALSE
	EndGlobalSection
	GlobalSection(NestedProjects) = preSolution
		{35FE531D-CC85-409C-85A4-30B513AD6EF9} = {63D147E1-8D2E-43D4-B322-6C1F1D61531A}
		{6710EE95-B96C-430B-902B-95D9ADE00327} = {B15AC219-4803-4667-9ABD-2C08B34F7A60}
		{D1DEC056-FA95-40AC-B1FC-27E9D9895C56} = {B15AC219-4803-4667-9ABD-2C08B34F7A60}
		{A08F62B8-7093-48F4-AB7B-C258DA91E17D} = {BF9E1011-C3BF-4A89-9E17-5A280AC889C5}
		{A2A05CD3-BCCE-4EC5-80B6-34747EA26AFB} = {BF9E1011-C3BF-4A89-9E17-5A280AC889C5}
		{4C438341-93F0-40D9-B46F-96C64E5383A5} = {BF9E1011-C3BF-4A89-9E17-5A280AC889C5}
		{9A576CF5-F0FA-4E5C-897B-998242DC1D0A} = {BF9E1011-C3BF-4A89-9E17-5A280AC889C5}
		{E20507D9-C30E-44F7-AFF4-956172A5A3BC} = {BF9E1011-C3BF-4A89-9E17-5A280AC889C5}
		{E865891D-361B-4878-9EBB-B87854D45CE0} = {BF9E1011-C3BF-4A89-9E17-5A280AC889C5}
		{F9ABC83E-1193-4449-AEB1-FEA6B15ED374} = {BF9E1011-C3BF-4A89-9E17-5A280AC889C5}
		{E054E5AC-7C3D-4734-A4D2-BA310DC0576A} = {8B81E05E-9F87-4B47-9E4A-40D968E3071E}
		{0D78D734-6090-4457-B792-4C36D4CBB742} = {C028ED1C-47FB-440F-B488-EEF7F6BFA7B4}
		{4CAB6AD6-A32A-42EC-B653-FF067C2172BE} = {C028ED1C-47FB-440F-B488-EEF7F6BFA7B4}
		{5041DC6B-4BDC-4CEB-A5D7-0C1FFDE0A59A} = {A67B19F3-0567-4B2B-9231-8E3548DA45BD}
		{B0CF60B2-84E2-4822-938F-3E6394D3FE67} = {A67B19F3-0567-4B2B-9231-8E3548DA45BD}
		{3C8B601B-5D38-4CB3-92A6-5EE3889D2E7B} = {B15AC219-4803-4667-9ABD-2C08B34F7A60}
		{09CA2200-4CEE-492C-9E85-D36A88C1C429} = {40903D5F-28D2-4C6B-9527-2CCE09BD1635}
		{48516479-5516-4FD2-96B8-47B4B4D9436A} = {40903D5F-28D2-4C6B-9527-2CCE09BD1635}
	EndGlobalSection
	GlobalSection(ExtensibilityGlobals) = postSolution
		SolutionGuid = {3EEFBAE4-764A-4969-BB8A-973F95DF5F16}
	EndGlobalSection
EndGlobal
