
Microsoft Visual Studio Solution File, Format Version 12.00
# Visual Studio 15
VisualStudioVersion = 15.0.28307.645
MinimumVisualStudioVersion = 10.0.40219.1
Project("{9A19103F-16F7-4668-BE54-9A1E7A4F7556}") = "MiddlewareDemo", "Middleware\MiddlewareDemo\MiddlewareDemo.csproj", "{6710EE95-B96C-430B-902B-95D9ADE00327}"
EndProject
Project("{2150E333-8FDC-42A3-9474-1A3956D46DE8}") = "Middleware", "Middleware", "{B15AC219-4803-4667-9ABD-2C08B34F7A60}"
EndProject
Project("{9A19103F-16F7-4668-BE54-9A1E7A4F7556}") = "Robert.Middleware", "Middleware\Robert.Middleware\Robert.Middleware.csproj", "{D1DEC056-FA95-40AC-B1FC-27E9D9895C56}"
EndProject
Project("{2150E333-8FDC-42A3-9474-1A3956D46DE8}") = "WebSocket", "WebSocket", "{BF9E1011-C3BF-4A89-9E17-5A280AC889C5}"
EndProject
Project("{9A19103F-16F7-4668-BE54-9A1E7A4F7556}") = "OfficialWSDemo", "WebSocket\OfficialWSDemo\OfficialWSDemo.csproj", "{A08F62B8-7093-48F4-AB7B-C258DA91E17D}"
EndProject
Project("{9A19103F-16F7-4668-BE54-9A1E7A4F7556}") = "RealTimeWSDemo", "WebSocket\RealTimeWSDemo\RealTimeWSDemo.csproj", "{A2A05CD3-BCCE-4EC5-80B6-34747EA26AFB}"
EndProject
Project("{9A19103F-16F7-4668-BE54-9A1E7A4F7556}") = "WSRecieveConsoleDemo", "WebSocket\SimpleWebSocketConsoleDemo\WSRecieveConsoleDemo.csproj", "{4C438341-93F0-40D9-B46F-96C64E5383A5}"
EndProject
Project("{9A19103F-16F7-4668-BE54-9A1E7A4F7556}") = "WebSocketClient", "WebSocket\WebSocketClient\WebSocketClient.csproj", "{9A576CF5-F0FA-4E5C-897B-998242DC1D0A}"
EndProject
Project("{9A19103F-16F7-4668-BE54-9A1E7A4F7556}") = "WebSocketCommon", "WebSocket\WebSocketCommon\WebSocketCommon.csproj", "{E20507D9-C30E-44F7-AFF4-956172A5A3BC}"
EndProject
Project("{9A19103F-16F7-4668-BE54-9A1E7A4F7556}") = "WebSocketManage", "WebSocket\WebSocketManage\WebSocketManage.csproj", "{E865891D-361B-4878-9EBB-B87854D45CE0}"
EndProject
Project("{9A19103F-16F7-4668-BE54-9A1E7A4F7556}") = "WSMvcDemo", "WebSocket\WSMvcDemo\WSMvcDemo.csproj", "{F9ABC83E-1193-4449-AEB1-FEA6B15ED374}"
EndProject
Project("{2150E333-8FDC-42A3-9474-1A3956D46DE8}") = "EntityFrameworkCore", "EntityFrameworkCore", "{C028ED1C-47FB-440F-B488-EEF7F6BFA7B4}"
EndProject
Project("{9A19103F-16F7-4668-BE54-9A1E7A4F7556}") = "EFWebDemo", "EntityFrameworkCore\EFWebDemo\EFWebDemo.csproj", "{0D78D734-6090-4457-B792-4C36D4CBB742}"
EndProject
Project("{9A19103F-16F7-4668-BE54-9A1E7A4F7556}") = "EFConsoleDemo", "EntityFrameworkCore\EFConsoleDemo\EFConsoleDemo.csproj", "{4CAB6AD6-A32A-42EC-B653-FF067C2172BE}"
EndProject
Project("{9A19103F-16F7-4668-BE54-9A1E7A4F7556}") = "DoubleClickDemo", "DoubleClickDemo\DoubleClickDemo.csproj", "{5041DC6B-4BDC-4CEB-A5D7-0C1FFDE0A59A}"
EndProject
Project("{9A19103F-16F7-4668-BE54-9A1E7A4F7556}") = "MultipleTaskDemo", "MultipleTaskDemo\MultipleTaskDemo.csproj", "{B0CF60B2-84E2-4822-938F-3E6394D3FE67}"
EndProject
Project("{2150E333-8FDC-42A3-9474-1A3956D46DE8}") = "DoubleClick", "DoubleClick", "{A67B19F3-0567-4B2B-9231-8E3548DA45BD}"
EndProject
Project("{9A19103F-16F7-4668-BE54-9A1E7A4F7556}") = "OnlyPassGetDemo", "Middleware\OnlyPassGetDemo\OnlyPassGetDemo.csproj", "{3C8B601B-5D38-4CB3-92A6-5EE3889D2E7B}"
EndProject
Project("{2150E333-8FDC-42A3-9474-1A3956D46DE8}") = "Event", "Event", "{40903D5F-28D2-4C6B-9527-2CCE09BD1635}"
EndProject
Project("{9A19103F-16F7-4668-BE54-9A1E7A4F7556}") = "EventDemo", "Event\EventDemo\EventDemo.csproj", "{09CA2200-4CEE-492C-9E85-D36A88C1C429}"
EndProject
Project("{9A19103F-16F7-4668-BE54-9A1E7A4F7556}") = "CustomEvent", "Event\CustomEvent\CustomEvent.csproj", "{B7919B83-B47A-416E-98EF-30C4B0DDA703}"
EndProject
Project("{9A19103F-16F7-4668-BE54-9A1E7A4F7556}") = "EventBusDemo", "Event\EventBusDemo\EventBusDemo.csproj", "{4D83DDC5-2FA1-42DB-AA65-D41FEDAA8BE7}"
EndProject
Project("{2150E333-8FDC-42A3-9474-1A3956D46DE8}") = "RabbitMQ", "RabbitMQ", "{47578D60-544D-4B75-BDA3-CCEF01DF7A8C}"
EndProject
Project("{9A19103F-16F7-4668-BE54-9A1E7A4F7556}") = "Receive", "RabbitMQ\Receive\Receive.csproj", "{EBAB29D8-A3ED-4846-922D-5CE5F8C48167}"
EndProject
Project("{9A19103F-16F7-4668-BE54-9A1E7A4F7556}") = "Send", "RabbitMQ\Send\Send.csproj", "{B3B79890-EB3E-4582-8E1D-0E49CBC0D8F4}"
EndProject
Project("{9A19103F-16F7-4668-BE54-9A1E7A4F7556}") = "MLSample", "MLSample\MLSample.csproj", "{95221B1D-4B41-453E-99B6-2BFED6D294A2}"
EndProject
Project("{2150E333-8FDC-42A3-9474-1A3956D46DE8}") = "Algorithm", "Algorithm", "{BD78A49F-0DCD-486D-A312-88ECB193465E}"
EndProject
Project("{9A19103F-16F7-4668-BE54-9A1E7A4F7556}") = "KMPAlgorithm", "Algorithm\KMPAlgorithm\KMPAlgorithm.csproj", "{CE05BBC0-8AD9-4AD3-9D0E-377ACADEE8D8}"
EndProject
Project("{9A19103F-16F7-4668-BE54-9A1E7A4F7556}") = "aliyun-core-demo", "aliyun-core-demo\aliyun-core-demo.csproj", "{021682BE-4EC9-446E-9966-C63A511E7598}"
EndProject
Project("{9A19103F-16F7-4668-BE54-9A1E7A4F7556}") = "CSharpFundamental", "CSharpFundamental\CSharpFundamental.csproj", "{2FDBC64F-1C86-47AC-9DC3-D9D319CAFDBD}"
EndProject
Project("{9A19103F-16F7-4668-BE54-9A1E7A4F7556}") = "DeserializeJsonDemo", "DeserializeJsonDemo\DeserializeJsonDemo.csproj", "{2B6A0D57-A5C7-4470-AF7A-B5E6D53A70FC}"
EndProject
Project("{9A19103F-16F7-4668-BE54-9A1E7A4F7556}") = "webhook_post_sample", "webhook_post_sample\webhook_post_sample.csproj", "{CCFE2AAA-C61A-4CB5-90AF-0AD5BAA84587}"
EndProject
Project("{9A19103F-16F7-4668-BE54-9A1E7A4F7556}") = "email-event-sample", "Event\email-event-sample\email-event-sample.csproj", "{10D59031-83F3-4B89-9B5E-4D3FFF474BCA}"
EndProject
Project("{9A19103F-16F7-4668-BE54-9A1E7A4F7556}") = "regex-unescape-json-demo", "regex-unescape-json-demo\regex-unescape-json-demo.csproj", "{0C82D80F-3F89-4036-9D31-9DDB8342AFF3}"
EndProject
Project("{2150E333-8FDC-42A3-9474-1A3956D46DE8}") = "TaskAsynchronousPattern", "TaskAsynchronousPattern", "{162D5174-6275-40F9-B34F-6981D072A0BF}"
EndProject
Project("{9A19103F-16F7-4668-BE54-9A1E7A4F7556}") = "AsyncAndSyncTest", "AsyncAndSyncTest\AsyncAndSyncTest.csproj", "{294E4CA6-6E18-4757-9CFB-12BCB4EED2E1}"
EndProject
Project("{FAE04EC0-301F-11D3-BF4B-00C04F79EFBC}") = "aliyun-sms-winform", "aliyun-sms-winform\aliyun-sms-winform.csproj", "{083B9998-373D-4784-A8FA-54DF9E7C479C}"
EndProject
Project("{9A19103F-16F7-4668-BE54-9A1E7A4F7556}") = "LRUDEMO", "Algorithm\LRUDEMO\LRUDEMO.csproj", "{089AEEC5-DE80-4A0E-AC0F-CDC7986BDE79}"
EndProject
Project("{9A19103F-16F7-4668-BE54-9A1E7A4F7556}") = "SortBinarySample", "Algorithm\SortBinarySample\SortBinarySample.csproj", "{6A4DF40F-F5D9-49C4-A1CF-44575652D86B}"
EndProject
Project("{9A19103F-16F7-4668-BE54-9A1E7A4F7556}") = "aws-ec2-demo", "aws-ec2-demo\aws-ec2-demo.csproj", "{10EC5C15-469A-40D0-89B6-022AF880BDD2}"
EndProject
Project("{FAE04EC0-301F-11D3-BF4B-00C04F79EFBC}") = "netframeworkdemo", "netframeworkdemo\netframeworkdemo.csproj", "{DD4F6EC3-C8A8-4DF3-B411-03E2E272C30F}"
EndProject
Global
	GlobalSection(SolutionConfigurationPlatforms) = preSolution
		Debug|Any CPU = Debug|Any CPU
		Debug|x64 = Debug|x64
		Debug|x86 = Debug|x86
		Release|Any CPU = Release|Any CPU
		Release|x64 = Release|x64
		Release|x86 = Release|x86
	EndGlobalSection
	GlobalSection(ProjectConfigurationPlatforms) = postSolution
		{6710EE95-B96C-430B-902B-95D9ADE00327}.Debug|Any CPU.ActiveCfg = Debug|Any CPU
		{6710EE95-B96C-430B-902B-95D9ADE00327}.Debug|Any CPU.Build.0 = Debug|Any CPU
		{6710EE95-B96C-430B-902B-95D9ADE00327}.Debug|x64.ActiveCfg = Debug|Any CPU
		{6710EE95-B96C-430B-902B-95D9ADE00327}.Debug|x64.Build.0 = Debug|Any CPU
		{6710EE95-B96C-430B-902B-95D9ADE00327}.Debug|x86.ActiveCfg = Debug|Any CPU
		{6710EE95-B96C-430B-902B-95D9ADE00327}.Debug|x86.Build.0 = Debug|Any CPU
		{6710EE95-B96C-430B-902B-95D9ADE00327}.Release|Any CPU.ActiveCfg = Release|Any CPU
		{6710EE95-B96C-430B-902B-95D9ADE00327}.Release|Any CPU.Build.0 = Release|Any CPU
		{6710EE95-B96C-430B-902B-95D9ADE00327}.Release|x64.ActiveCfg = Release|Any CPU
		{6710EE95-B96C-430B-902B-95D9ADE00327}.Release|x64.Build.0 = Release|Any CPU
		{6710EE95-B96C-430B-902B-95D9ADE00327}.Release|x86.ActiveCfg = Release|Any CPU
		{6710EE95-B96C-430B-902B-95D9ADE00327}.Release|x86.Build.0 = Release|Any CPU
		{D1DEC056-FA95-40AC-B1FC-27E9D9895C56}.Debug|Any CPU.ActiveCfg = Debug|Any CPU
		{D1DEC056-FA95-40AC-B1FC-27E9D9895C56}.Debug|Any CPU.Build.0 = Debug|Any CPU
		{D1DEC056-FA95-40AC-B1FC-27E9D9895C56}.Debug|x64.ActiveCfg = Debug|Any CPU
		{D1DEC056-FA95-40AC-B1FC-27E9D9895C56}.Debug|x64.Build.0 = Debug|Any CPU
		{D1DEC056-FA95-40AC-B1FC-27E9D9895C56}.Debug|x86.ActiveCfg = Debug|Any CPU
		{D1DEC056-FA95-40AC-B1FC-27E9D9895C56}.Debug|x86.Build.0 = Debug|Any CPU
		{D1DEC056-FA95-40AC-B1FC-27E9D9895C56}.Release|Any CPU.ActiveCfg = Release|Any CPU
		{D1DEC056-FA95-40AC-B1FC-27E9D9895C56}.Release|Any CPU.Build.0 = Release|Any CPU
		{D1DEC056-FA95-40AC-B1FC-27E9D9895C56}.Release|x64.ActiveCfg = Release|Any CPU
		{D1DEC056-FA95-40AC-B1FC-27E9D9895C56}.Release|x64.Build.0 = Release|Any CPU
		{D1DEC056-FA95-40AC-B1FC-27E9D9895C56}.Release|x86.ActiveCfg = Release|Any CPU
		{D1DEC056-FA95-40AC-B1FC-27E9D9895C56}.Release|x86.Build.0 = Release|Any CPU
		{A08F62B8-7093-48F4-AB7B-C258DA91E17D}.Debug|Any CPU.ActiveCfg = Debug|Any CPU
		{A08F62B8-7093-48F4-AB7B-C258DA91E17D}.Debug|Any CPU.Build.0 = Debug|Any CPU
		{A08F62B8-7093-48F4-AB7B-C258DA91E17D}.Debug|x64.ActiveCfg = Debug|Any CPU
		{A08F62B8-7093-48F4-AB7B-C258DA91E17D}.Debug|x64.Build.0 = Debug|Any CPU
		{A08F62B8-7093-48F4-AB7B-C258DA91E17D}.Debug|x86.ActiveCfg = Debug|Any CPU
		{A08F62B8-7093-48F4-AB7B-C258DA91E17D}.Debug|x86.Build.0 = Debug|Any CPU
		{A08F62B8-7093-48F4-AB7B-C258DA91E17D}.Release|Any CPU.ActiveCfg = Release|Any CPU
		{A08F62B8-7093-48F4-AB7B-C258DA91E17D}.Release|Any CPU.Build.0 = Release|Any CPU
		{A08F62B8-7093-48F4-AB7B-C258DA91E17D}.Release|x64.ActiveCfg = Release|Any CPU
		{A08F62B8-7093-48F4-AB7B-C258DA91E17D}.Release|x64.Build.0 = Release|Any CPU
		{A08F62B8-7093-48F4-AB7B-C258DA91E17D}.Release|x86.ActiveCfg = Release|Any CPU
		{A08F62B8-7093-48F4-AB7B-C258DA91E17D}.Release|x86.Build.0 = Release|Any CPU
		{A2A05CD3-BCCE-4EC5-80B6-34747EA26AFB}.Debug|Any CPU.ActiveCfg = Debug|Any CPU
		{A2A05CD3-BCCE-4EC5-80B6-34747EA26AFB}.Debug|Any CPU.Build.0 = Debug|Any CPU
		{A2A05CD3-BCCE-4EC5-80B6-34747EA26AFB}.Debug|x64.ActiveCfg = Debug|Any CPU
		{A2A05CD3-BCCE-4EC5-80B6-34747EA26AFB}.Debug|x64.Build.0 = Debug|Any CPU
		{A2A05CD3-BCCE-4EC5-80B6-34747EA26AFB}.Debug|x86.ActiveCfg = Debug|Any CPU
		{A2A05CD3-BCCE-4EC5-80B6-34747EA26AFB}.Debug|x86.Build.0 = Debug|Any CPU
		{A2A05CD3-BCCE-4EC5-80B6-34747EA26AFB}.Release|Any CPU.ActiveCfg = Release|Any CPU
		{A2A05CD3-BCCE-4EC5-80B6-34747EA26AFB}.Release|Any CPU.Build.0 = Release|Any CPU
		{A2A05CD3-BCCE-4EC5-80B6-34747EA26AFB}.Release|x64.ActiveCfg = Release|Any CPU
		{A2A05CD3-BCCE-4EC5-80B6-34747EA26AFB}.Release|x64.Build.0 = Release|Any CPU
		{A2A05CD3-BCCE-4EC5-80B6-34747EA26AFB}.Release|x86.ActiveCfg = Release|Any CPU
		{A2A05CD3-BCCE-4EC5-80B6-34747EA26AFB}.Release|x86.Build.0 = Release|Any CPU
		{4C438341-93F0-40D9-B46F-96C64E5383A5}.Debug|Any CPU.ActiveCfg = Debug|Any CPU
		{4C438341-93F0-40D9-B46F-96C64E5383A5}.Debug|Any CPU.Build.0 = Debug|Any CPU
		{4C438341-93F0-40D9-B46F-96C64E5383A5}.Debug|x64.ActiveCfg = Debug|Any CPU
		{4C438341-93F0-40D9-B46F-96C64E5383A5}.Debug|x64.Build.0 = Debug|Any CPU
		{4C438341-93F0-40D9-B46F-96C64E5383A5}.Debug|x86.ActiveCfg = Debug|Any CPU
		{4C438341-93F0-40D9-B46F-96C64E5383A5}.Debug|x86.Build.0 = Debug|Any CPU
		{4C438341-93F0-40D9-B46F-96C64E5383A5}.Release|Any CPU.ActiveCfg = Release|Any CPU
		{4C438341-93F0-40D9-B46F-96C64E5383A5}.Release|Any CPU.Build.0 = Release|Any CPU
		{4C438341-93F0-40D9-B46F-96C64E5383A5}.Release|x64.ActiveCfg = Release|Any CPU
		{4C438341-93F0-40D9-B46F-96C64E5383A5}.Release|x64.Build.0 = Release|Any CPU
		{4C438341-93F0-40D9-B46F-96C64E5383A5}.Release|x86.ActiveCfg = Release|Any CPU
		{4C438341-93F0-40D9-B46F-96C64E5383A5}.Release|x86.Build.0 = Release|Any CPU
		{9A576CF5-F0FA-4E5C-897B-998242DC1D0A}.Debug|Any CPU.ActiveCfg = Debug|Any CPU
		{9A576CF5-F0FA-4E5C-897B-998242DC1D0A}.Debug|Any CPU.Build.0 = Debug|Any CPU
		{9A576CF5-F0FA-4E5C-897B-998242DC1D0A}.Debug|x64.ActiveCfg = Debug|Any CPU
		{9A576CF5-F0FA-4E5C-897B-998242DC1D0A}.Debug|x64.Build.0 = Debug|Any CPU
		{9A576CF5-F0FA-4E5C-897B-998242DC1D0A}.Debug|x86.ActiveCfg = Debug|Any CPU
		{9A576CF5-F0FA-4E5C-897B-998242DC1D0A}.Debug|x86.Build.0 = Debug|Any CPU
		{9A576CF5-F0FA-4E5C-897B-998242DC1D0A}.Release|Any CPU.ActiveCfg = Release|Any CPU
		{9A576CF5-F0FA-4E5C-897B-998242DC1D0A}.Release|Any CPU.Build.0 = Release|Any CPU
		{9A576CF5-F0FA-4E5C-897B-998242DC1D0A}.Release|x64.ActiveCfg = Release|Any CPU
		{9A576CF5-F0FA-4E5C-897B-998242DC1D0A}.Release|x64.Build.0 = Release|Any CPU
		{9A576CF5-F0FA-4E5C-897B-998242DC1D0A}.Release|x86.ActiveCfg = Release|Any CPU
		{9A576CF5-F0FA-4E5C-897B-998242DC1D0A}.Release|x86.Build.0 = Release|Any CPU
		{E20507D9-C30E-44F7-AFF4-956172A5A3BC}.Debug|Any CPU.ActiveCfg = Debug|Any CPU
		{E20507D9-C30E-44F7-AFF4-956172A5A3BC}.Debug|Any CPU.Build.0 = Debug|Any CPU
		{E20507D9-C30E-44F7-AFF4-956172A5A3BC}.Debug|x64.ActiveCfg = Debug|Any CPU
		{E20507D9-C30E-44F7-AFF4-956172A5A3BC}.Debug|x64.Build.0 = Debug|Any CPU
		{E20507D9-C30E-44F7-AFF4-956172A5A3BC}.Debug|x86.ActiveCfg = Debug|Any CPU
		{E20507D9-C30E-44F7-AFF4-956172A5A3BC}.Debug|x86.Build.0 = Debug|Any CPU
		{E20507D9-C30E-44F7-AFF4-956172A5A3BC}.Release|Any CPU.ActiveCfg = Release|Any CPU
		{E20507D9-C30E-44F7-AFF4-956172A5A3BC}.Release|Any CPU.Build.0 = Release|Any CPU
		{E20507D9-C30E-44F7-AFF4-956172A5A3BC}.Release|x64.ActiveCfg = Release|Any CPU
		{E20507D9-C30E-44F7-AFF4-956172A5A3BC}.Release|x64.Build.0 = Release|Any CPU
		{E20507D9-C30E-44F7-AFF4-956172A5A3BC}.Release|x86.ActiveCfg = Release|Any CPU
		{E20507D9-C30E-44F7-AFF4-956172A5A3BC}.Release|x86.Build.0 = Release|Any CPU
		{E865891D-361B-4878-9EBB-B87854D45CE0}.Debug|Any CPU.ActiveCfg = Debug|Any CPU
		{E865891D-361B-4878-9EBB-B87854D45CE0}.Debug|Any CPU.Build.0 = Debug|Any CPU
		{E865891D-361B-4878-9EBB-B87854D45CE0}.Debug|x64.ActiveCfg = Debug|Any CPU
		{E865891D-361B-4878-9EBB-B87854D45CE0}.Debug|x64.Build.0 = Debug|Any CPU
		{E865891D-361B-4878-9EBB-B87854D45CE0}.Debug|x86.ActiveCfg = Debug|Any CPU
		{E865891D-361B-4878-9EBB-B87854D45CE0}.Debug|x86.Build.0 = Debug|Any CPU
		{E865891D-361B-4878-9EBB-B87854D45CE0}.Release|Any CPU.ActiveCfg = Release|Any CPU
		{E865891D-361B-4878-9EBB-B87854D45CE0}.Release|Any CPU.Build.0 = Release|Any CPU
		{E865891D-361B-4878-9EBB-B87854D45CE0}.Release|x64.ActiveCfg = Release|Any CPU
		{E865891D-361B-4878-9EBB-B87854D45CE0}.Release|x64.Build.0 = Release|Any CPU
		{E865891D-361B-4878-9EBB-B87854D45CE0}.Release|x86.ActiveCfg = Release|Any CPU
		{E865891D-361B-4878-9EBB-B87854D45CE0}.Release|x86.Build.0 = Release|Any CPU
		{F9ABC83E-1193-4449-AEB1-FEA6B15ED374}.Debug|Any CPU.ActiveCfg = Debug|Any CPU
		{F9ABC83E-1193-4449-AEB1-FEA6B15ED374}.Debug|Any CPU.Build.0 = Debug|Any CPU
		{F9ABC83E-1193-4449-AEB1-FEA6B15ED374}.Debug|x64.ActiveCfg = Debug|Any CPU
		{F9ABC83E-1193-4449-AEB1-FEA6B15ED374}.Debug|x64.Build.0 = Debug|Any CPU
		{F9ABC83E-1193-4449-AEB1-FEA6B15ED374}.Debug|x86.ActiveCfg = Debug|Any CPU
		{F9ABC83E-1193-4449-AEB1-FEA6B15ED374}.Debug|x86.Build.0 = Debug|Any CPU
		{F9ABC83E-1193-4449-AEB1-FEA6B15ED374}.Release|Any CPU.ActiveCfg = Release|Any CPU
		{F9ABC83E-1193-4449-AEB1-FEA6B15ED374}.Release|Any CPU.Build.0 = Release|Any CPU
		{F9ABC83E-1193-4449-AEB1-FEA6B15ED374}.Release|x64.ActiveCfg = Release|Any CPU
		{F9ABC83E-1193-4449-AEB1-FEA6B15ED374}.Release|x64.Build.0 = Release|Any CPU
		{F9ABC83E-1193-4449-AEB1-FEA6B15ED374}.Release|x86.ActiveCfg = Release|Any CPU
		{F9ABC83E-1193-4449-AEB1-FEA6B15ED374}.Release|x86.Build.0 = Release|Any CPU
		{0D78D734-6090-4457-B792-4C36D4CBB742}.Debug|Any CPU.ActiveCfg = Debug|Any CPU
		{0D78D734-6090-4457-B792-4C36D4CBB742}.Debug|Any CPU.Build.0 = Debug|Any CPU
		{0D78D734-6090-4457-B792-4C36D4CBB742}.Debug|x64.ActiveCfg = Debug|Any CPU
		{0D78D734-6090-4457-B792-4C36D4CBB742}.Debug|x64.Build.0 = Debug|Any CPU
		{0D78D734-6090-4457-B792-4C36D4CBB742}.Debug|x86.ActiveCfg = Debug|Any CPU
		{0D78D734-6090-4457-B792-4C36D4CBB742}.Debug|x86.Build.0 = Debug|Any CPU
		{0D78D734-6090-4457-B792-4C36D4CBB742}.Release|Any CPU.ActiveCfg = Release|Any CPU
		{0D78D734-6090-4457-B792-4C36D4CBB742}.Release|Any CPU.Build.0 = Release|Any CPU
		{0D78D734-6090-4457-B792-4C36D4CBB742}.Release|x64.ActiveCfg = Release|Any CPU
		{0D78D734-6090-4457-B792-4C36D4CBB742}.Release|x64.Build.0 = Release|Any CPU
		{0D78D734-6090-4457-B792-4C36D4CBB742}.Release|x86.ActiveCfg = Release|Any CPU
		{0D78D734-6090-4457-B792-4C36D4CBB742}.Release|x86.Build.0 = Release|Any CPU
		{4CAB6AD6-A32A-42EC-B653-FF067C2172BE}.Debug|Any CPU.ActiveCfg = Debug|Any CPU
		{4CAB6AD6-A32A-42EC-B653-FF067C2172BE}.Debug|Any CPU.Build.0 = Debug|Any CPU
		{4CAB6AD6-A32A-42EC-B653-FF067C2172BE}.Debug|x64.ActiveCfg = Debug|Any CPU
		{4CAB6AD6-A32A-42EC-B653-FF067C2172BE}.Debug|x64.Build.0 = Debug|Any CPU
		{4CAB6AD6-A32A-42EC-B653-FF067C2172BE}.Debug|x86.ActiveCfg = Debug|Any CPU
		{4CAB6AD6-A32A-42EC-B653-FF067C2172BE}.Debug|x86.Build.0 = Debug|Any CPU
		{4CAB6AD6-A32A-42EC-B653-FF067C2172BE}.Release|Any CPU.ActiveCfg = Release|Any CPU
		{4CAB6AD6-A32A-42EC-B653-FF067C2172BE}.Release|Any CPU.Build.0 = Release|Any CPU
		{4CAB6AD6-A32A-42EC-B653-FF067C2172BE}.Release|x64.ActiveCfg = Release|Any CPU
		{4CAB6AD6-A32A-42EC-B653-FF067C2172BE}.Release|x64.Build.0 = Release|Any CPU
		{4CAB6AD6-A32A-42EC-B653-FF067C2172BE}.Release|x86.ActiveCfg = Release|Any CPU
		{4CAB6AD6-A32A-42EC-B653-FF067C2172BE}.Release|x86.Build.0 = Release|Any CPU
		{5041DC6B-4BDC-4CEB-A5D7-0C1FFDE0A59A}.Debug|Any CPU.ActiveCfg = Debug|Any CPU
		{5041DC6B-4BDC-4CEB-A5D7-0C1FFDE0A59A}.Debug|Any CPU.Build.0 = Debug|Any CPU
		{5041DC6B-4BDC-4CEB-A5D7-0C1FFDE0A59A}.Debug|x64.ActiveCfg = Debug|Any CPU
		{5041DC6B-4BDC-4CEB-A5D7-0C1FFDE0A59A}.Debug|x64.Build.0 = Debug|Any CPU
		{5041DC6B-4BDC-4CEB-A5D7-0C1FFDE0A59A}.Debug|x86.ActiveCfg = Debug|Any CPU
		{5041DC6B-4BDC-4CEB-A5D7-0C1FFDE0A59A}.Debug|x86.Build.0 = Debug|Any CPU
		{5041DC6B-4BDC-4CEB-A5D7-0C1FFDE0A59A}.Release|Any CPU.ActiveCfg = Release|Any CPU
		{5041DC6B-4BDC-4CEB-A5D7-0C1FFDE0A59A}.Release|Any CPU.Build.0 = Release|Any CPU
		{5041DC6B-4BDC-4CEB-A5D7-0C1FFDE0A59A}.Release|x64.ActiveCfg = Release|Any CPU
		{5041DC6B-4BDC-4CEB-A5D7-0C1FFDE0A59A}.Release|x64.Build.0 = Release|Any CPU
		{5041DC6B-4BDC-4CEB-A5D7-0C1FFDE0A59A}.Release|x86.ActiveCfg = Release|Any CPU
		{5041DC6B-4BDC-4CEB-A5D7-0C1FFDE0A59A}.Release|x86.Build.0 = Release|Any CPU
		{B0CF60B2-84E2-4822-938F-3E6394D3FE67}.Debug|Any CPU.ActiveCfg = Debug|Any CPU
		{B0CF60B2-84E2-4822-938F-3E6394D3FE67}.Debug|Any CPU.Build.0 = Debug|Any CPU
		{B0CF60B2-84E2-4822-938F-3E6394D3FE67}.Debug|x64.ActiveCfg = Debug|Any CPU
		{B0CF60B2-84E2-4822-938F-3E6394D3FE67}.Debug|x64.Build.0 = Debug|Any CPU
		{B0CF60B2-84E2-4822-938F-3E6394D3FE67}.Debug|x86.ActiveCfg = Debug|Any CPU
		{B0CF60B2-84E2-4822-938F-3E6394D3FE67}.Debug|x86.Build.0 = Debug|Any CPU
		{B0CF60B2-84E2-4822-938F-3E6394D3FE67}.Release|Any CPU.ActiveCfg = Release|Any CPU
		{B0CF60B2-84E2-4822-938F-3E6394D3FE67}.Release|Any CPU.Build.0 = Release|Any CPU
		{B0CF60B2-84E2-4822-938F-3E6394D3FE67}.Release|x64.ActiveCfg = Release|Any CPU
		{B0CF60B2-84E2-4822-938F-3E6394D3FE67}.Release|x64.Build.0 = Release|Any CPU
		{B0CF60B2-84E2-4822-938F-3E6394D3FE67}.Release|x86.ActiveCfg = Release|Any CPU
		{B0CF60B2-84E2-4822-938F-3E6394D3FE67}.Release|x86.Build.0 = Release|Any CPU
		{3C8B601B-5D38-4CB3-92A6-5EE3889D2E7B}.Debug|Any CPU.ActiveCfg = Debug|Any CPU
		{3C8B601B-5D38-4CB3-92A6-5EE3889D2E7B}.Debug|Any CPU.Build.0 = Debug|Any CPU
		{3C8B601B-5D38-4CB3-92A6-5EE3889D2E7B}.Debug|x64.ActiveCfg = Debug|Any CPU
		{3C8B601B-5D38-4CB3-92A6-5EE3889D2E7B}.Debug|x64.Build.0 = Debug|Any CPU
		{3C8B601B-5D38-4CB3-92A6-5EE3889D2E7B}.Debug|x86.ActiveCfg = Debug|Any CPU
		{3C8B601B-5D38-4CB3-92A6-5EE3889D2E7B}.Debug|x86.Build.0 = Debug|Any CPU
		{3C8B601B-5D38-4CB3-92A6-5EE3889D2E7B}.Release|Any CPU.ActiveCfg = Release|Any CPU
		{3C8B601B-5D38-4CB3-92A6-5EE3889D2E7B}.Release|Any CPU.Build.0 = Release|Any CPU
		{3C8B601B-5D38-4CB3-92A6-5EE3889D2E7B}.Release|x64.ActiveCfg = Release|Any CPU
		{3C8B601B-5D38-4CB3-92A6-5EE3889D2E7B}.Release|x64.Build.0 = Release|Any CPU
		{3C8B601B-5D38-4CB3-92A6-5EE3889D2E7B}.Release|x86.ActiveCfg = Release|Any CPU
		{3C8B601B-5D38-4CB3-92A6-5EE3889D2E7B}.Release|x86.Build.0 = Release|Any CPU
		{09CA2200-4CEE-492C-9E85-D36A88C1C429}.Debug|Any CPU.ActiveCfg = Debug|Any CPU
		{09CA2200-4CEE-492C-9E85-D36A88C1C429}.Debug|Any CPU.Build.0 = Debug|Any CPU
		{09CA2200-4CEE-492C-9E85-D36A88C1C429}.Debug|x64.ActiveCfg = Debug|Any CPU
		{09CA2200-4CEE-492C-9E85-D36A88C1C429}.Debug|x64.Build.0 = Debug|Any CPU
		{09CA2200-4CEE-492C-9E85-D36A88C1C429}.Debug|x86.ActiveCfg = Debug|Any CPU
		{09CA2200-4CEE-492C-9E85-D36A88C1C429}.Debug|x86.Build.0 = Debug|Any CPU
		{09CA2200-4CEE-492C-9E85-D36A88C1C429}.Release|Any CPU.ActiveCfg = Release|Any CPU
		{09CA2200-4CEE-492C-9E85-D36A88C1C429}.Release|Any CPU.Build.0 = Release|Any CPU
		{09CA2200-4CEE-492C-9E85-D36A88C1C429}.Release|x64.ActiveCfg = Release|Any CPU
		{09CA2200-4CEE-492C-9E85-D36A88C1C429}.Release|x64.Build.0 = Release|Any CPU
		{09CA2200-4CEE-492C-9E85-D36A88C1C429}.Release|x86.ActiveCfg = Release|Any CPU
		{09CA2200-4CEE-492C-9E85-D36A88C1C429}.Release|x86.Build.0 = Release|Any CPU
		{B7919B83-B47A-416E-98EF-30C4B0DDA703}.Debug|Any CPU.ActiveCfg = Debug|Any CPU
		{B7919B83-B47A-416E-98EF-30C4B0DDA703}.Debug|Any CPU.Build.0 = Debug|Any CPU
		{B7919B83-B47A-416E-98EF-30C4B0DDA703}.Debug|x64.ActiveCfg = Debug|Any CPU
		{B7919B83-B47A-416E-98EF-30C4B0DDA703}.Debug|x64.Build.0 = Debug|Any CPU
		{B7919B83-B47A-416E-98EF-30C4B0DDA703}.Debug|x86.ActiveCfg = Debug|Any CPU
		{B7919B83-B47A-416E-98EF-30C4B0DDA703}.Debug|x86.Build.0 = Debug|Any CPU
		{B7919B83-B47A-416E-98EF-30C4B0DDA703}.Release|Any CPU.ActiveCfg = Release|Any CPU
		{B7919B83-B47A-416E-98EF-30C4B0DDA703}.Release|Any CPU.Build.0 = Release|Any CPU
		{B7919B83-B47A-416E-98EF-30C4B0DDA703}.Release|x64.ActiveCfg = Release|Any CPU
		{B7919B83-B47A-416E-98EF-30C4B0DDA703}.Release|x64.Build.0 = Release|Any CPU
		{B7919B83-B47A-416E-98EF-30C4B0DDA703}.Release|x86.ActiveCfg = Release|Any CPU
		{B7919B83-B47A-416E-98EF-30C4B0DDA703}.Release|x86.Build.0 = Release|Any CPU
		{4D83DDC5-2FA1-42DB-AA65-D41FEDAA8BE7}.Debug|Any CPU.ActiveCfg = Debug|Any CPU
		{4D83DDC5-2FA1-42DB-AA65-D41FEDAA8BE7}.Debug|Any CPU.Build.0 = Debug|Any CPU
		{4D83DDC5-2FA1-42DB-AA65-D41FEDAA8BE7}.Debug|x64.ActiveCfg = Debug|Any CPU
		{4D83DDC5-2FA1-42DB-AA65-D41FEDAA8BE7}.Debug|x64.Build.0 = Debug|Any CPU
		{4D83DDC5-2FA1-42DB-AA65-D41FEDAA8BE7}.Debug|x86.ActiveCfg = Debug|Any CPU
		{4D83DDC5-2FA1-42DB-AA65-D41FEDAA8BE7}.Debug|x86.Build.0 = Debug|Any CPU
		{4D83DDC5-2FA1-42DB-AA65-D41FEDAA8BE7}.Release|Any CPU.ActiveCfg = Release|Any CPU
		{4D83DDC5-2FA1-42DB-AA65-D41FEDAA8BE7}.Release|Any CPU.Build.0 = Release|Any CPU
		{4D83DDC5-2FA1-42DB-AA65-D41FEDAA8BE7}.Release|x64.ActiveCfg = Release|Any CPU
		{4D83DDC5-2FA1-42DB-AA65-D41FEDAA8BE7}.Release|x64.Build.0 = Release|Any CPU
		{4D83DDC5-2FA1-42DB-AA65-D41FEDAA8BE7}.Release|x86.ActiveCfg = Release|Any CPU
		{4D83DDC5-2FA1-42DB-AA65-D41FEDAA8BE7}.Release|x86.Build.0 = Release|Any CPU
		{EBAB29D8-A3ED-4846-922D-5CE5F8C48167}.Debug|Any CPU.ActiveCfg = Debug|Any CPU
		{EBAB29D8-A3ED-4846-922D-5CE5F8C48167}.Debug|Any CPU.Build.0 = Debug|Any CPU
		{EBAB29D8-A3ED-4846-922D-5CE5F8C48167}.Debug|x64.ActiveCfg = Debug|Any CPU
		{EBAB29D8-A3ED-4846-922D-5CE5F8C48167}.Debug|x64.Build.0 = Debug|Any CPU
		{EBAB29D8-A3ED-4846-922D-5CE5F8C48167}.Debug|x86.ActiveCfg = Debug|Any CPU
		{EBAB29D8-A3ED-4846-922D-5CE5F8C48167}.Debug|x86.Build.0 = Debug|Any CPU
		{EBAB29D8-A3ED-4846-922D-5CE5F8C48167}.Release|Any CPU.ActiveCfg = Release|Any CPU
		{EBAB29D8-A3ED-4846-922D-5CE5F8C48167}.Release|Any CPU.Build.0 = Release|Any CPU
		{EBAB29D8-A3ED-4846-922D-5CE5F8C48167}.Release|x64.ActiveCfg = Release|Any CPU
		{EBAB29D8-A3ED-4846-922D-5CE5F8C48167}.Release|x64.Build.0 = Release|Any CPU
		{EBAB29D8-A3ED-4846-922D-5CE5F8C48167}.Release|x86.ActiveCfg = Release|Any CPU
		{EBAB29D8-A3ED-4846-922D-5CE5F8C48167}.Release|x86.Build.0 = Release|Any CPU
		{B3B79890-EB3E-4582-8E1D-0E49CBC0D8F4}.Debug|Any CPU.ActiveCfg = Debug|Any CPU
		{B3B79890-EB3E-4582-8E1D-0E49CBC0D8F4}.Debug|Any CPU.Build.0 = Debug|Any CPU
		{B3B79890-EB3E-4582-8E1D-0E49CBC0D8F4}.Debug|x64.ActiveCfg = Debug|Any CPU
		{B3B79890-EB3E-4582-8E1D-0E49CBC0D8F4}.Debug|x64.Build.0 = Debug|Any CPU
		{B3B79890-EB3E-4582-8E1D-0E49CBC0D8F4}.Debug|x86.ActiveCfg = Debug|Any CPU
		{B3B79890-EB3E-4582-8E1D-0E49CBC0D8F4}.Debug|x86.Build.0 = Debug|Any CPU
		{B3B79890-EB3E-4582-8E1D-0E49CBC0D8F4}.Release|Any CPU.ActiveCfg = Release|Any CPU
		{B3B79890-EB3E-4582-8E1D-0E49CBC0D8F4}.Release|Any CPU.Build.0 = Release|Any CPU
		{B3B79890-EB3E-4582-8E1D-0E49CBC0D8F4}.Release|x64.ActiveCfg = Release|Any CPU
		{B3B79890-EB3E-4582-8E1D-0E49CBC0D8F4}.Release|x64.Build.0 = Release|Any CPU
		{B3B79890-EB3E-4582-8E1D-0E49CBC0D8F4}.Release|x86.ActiveCfg = Release|Any CPU
		{B3B79890-EB3E-4582-8E1D-0E49CBC0D8F4}.Release|x86.Build.0 = Release|Any CPU
		{95221B1D-4B41-453E-99B6-2BFED6D294A2}.Debug|Any CPU.ActiveCfg = Debug|Any CPU
		{95221B1D-4B41-453E-99B6-2BFED6D294A2}.Debug|Any CPU.Build.0 = Debug|Any CPU
		{95221B1D-4B41-453E-99B6-2BFED6D294A2}.Debug|x64.ActiveCfg = Debug|Any CPU
		{95221B1D-4B41-453E-99B6-2BFED6D294A2}.Debug|x64.Build.0 = Debug|Any CPU
		{95221B1D-4B41-453E-99B6-2BFED6D294A2}.Debug|x86.ActiveCfg = Debug|Any CPU
		{95221B1D-4B41-453E-99B6-2BFED6D294A2}.Debug|x86.Build.0 = Debug|Any CPU
		{95221B1D-4B41-453E-99B6-2BFED6D294A2}.Release|Any CPU.ActiveCfg = Release|Any CPU
		{95221B1D-4B41-453E-99B6-2BFED6D294A2}.Release|Any CPU.Build.0 = Release|Any CPU
		{95221B1D-4B41-453E-99B6-2BFED6D294A2}.Release|x64.ActiveCfg = Release|Any CPU
		{95221B1D-4B41-453E-99B6-2BFED6D294A2}.Release|x64.Build.0 = Release|Any CPU
		{95221B1D-4B41-453E-99B6-2BFED6D294A2}.Release|x86.ActiveCfg = Release|Any CPU
		{95221B1D-4B41-453E-99B6-2BFED6D294A2}.Release|x86.Build.0 = Release|Any CPU
		{CE05BBC0-8AD9-4AD3-9D0E-377ACADEE8D8}.Debug|Any CPU.ActiveCfg = Debug|Any CPU
		{CE05BBC0-8AD9-4AD3-9D0E-377ACADEE8D8}.Debug|Any CPU.Build.0 = Debug|Any CPU
		{CE05BBC0-8AD9-4AD3-9D0E-377ACADEE8D8}.Debug|x64.ActiveCfg = Debug|Any CPU
		{CE05BBC0-8AD9-4AD3-9D0E-377ACADEE8D8}.Debug|x64.Build.0 = Debug|Any CPU
		{CE05BBC0-8AD9-4AD3-9D0E-377ACADEE8D8}.Debug|x86.ActiveCfg = Debug|Any CPU
		{CE05BBC0-8AD9-4AD3-9D0E-377ACADEE8D8}.Debug|x86.Build.0 = Debug|Any CPU
		{CE05BBC0-8AD9-4AD3-9D0E-377ACADEE8D8}.Release|Any CPU.ActiveCfg = Release|Any CPU
		{CE05BBC0-8AD9-4AD3-9D0E-377ACADEE8D8}.Release|Any CPU.Build.0 = Release|Any CPU
		{CE05BBC0-8AD9-4AD3-9D0E-377ACADEE8D8}.Release|x64.ActiveCfg = Release|Any CPU
		{CE05BBC0-8AD9-4AD3-9D0E-377ACADEE8D8}.Release|x64.Build.0 = Release|Any CPU
		{CE05BBC0-8AD9-4AD3-9D0E-377ACADEE8D8}.Release|x86.ActiveCfg = Release|Any CPU
		{CE05BBC0-8AD9-4AD3-9D0E-377ACADEE8D8}.Release|x86.Build.0 = Release|Any CPU
		{021682BE-4EC9-446E-9966-C63A511E7598}.Debug|Any CPU.ActiveCfg = Debug|Any CPU
		{021682BE-4EC9-446E-9966-C63A511E7598}.Debug|Any CPU.Build.0 = Debug|Any CPU
		{021682BE-4EC9-446E-9966-C63A511E7598}.Debug|x64.ActiveCfg = Debug|Any CPU
		{021682BE-4EC9-446E-9966-C63A511E7598}.Debug|x64.Build.0 = Debug|Any CPU
		{021682BE-4EC9-446E-9966-C63A511E7598}.Debug|x86.ActiveCfg = Debug|Any CPU
		{021682BE-4EC9-446E-9966-C63A511E7598}.Debug|x86.Build.0 = Debug|Any CPU
		{021682BE-4EC9-446E-9966-C63A511E7598}.Release|Any CPU.ActiveCfg = Release|Any CPU
		{021682BE-4EC9-446E-9966-C63A511E7598}.Release|Any CPU.Build.0 = Release|Any CPU
		{021682BE-4EC9-446E-9966-C63A511E7598}.Release|x64.ActiveCfg = Release|Any CPU
		{021682BE-4EC9-446E-9966-C63A511E7598}.Release|x64.Build.0 = Release|Any CPU
		{021682BE-4EC9-446E-9966-C63A511E7598}.Release|x86.ActiveCfg = Release|Any CPU
		{021682BE-4EC9-446E-9966-C63A511E7598}.Release|x86.Build.0 = Release|Any CPU
		{2FDBC64F-1C86-47AC-9DC3-D9D319CAFDBD}.Debug|Any CPU.ActiveCfg = Debug|Any CPU
		{2FDBC64F-1C86-47AC-9DC3-D9D319CAFDBD}.Debug|Any CPU.Build.0 = Debug|Any CPU
		{2FDBC64F-1C86-47AC-9DC3-D9D319CAFDBD}.Debug|x64.ActiveCfg = Debug|Any CPU
		{2FDBC64F-1C86-47AC-9DC3-D9D319CAFDBD}.Debug|x64.Build.0 = Debug|Any CPU
		{2FDBC64F-1C86-47AC-9DC3-D9D319CAFDBD}.Debug|x86.ActiveCfg = Debug|Any CPU
		{2FDBC64F-1C86-47AC-9DC3-D9D319CAFDBD}.Debug|x86.Build.0 = Debug|Any CPU
		{2FDBC64F-1C86-47AC-9DC3-D9D319CAFDBD}.Release|Any CPU.ActiveCfg = Release|Any CPU
		{2FDBC64F-1C86-47AC-9DC3-D9D319CAFDBD}.Release|Any CPU.Build.0 = Release|Any CPU
		{2FDBC64F-1C86-47AC-9DC3-D9D319CAFDBD}.Release|x64.ActiveCfg = Release|Any CPU
		{2FDBC64F-1C86-47AC-9DC3-D9D319CAFDBD}.Release|x64.Build.0 = Release|Any CPU
		{2FDBC64F-1C86-47AC-9DC3-D9D319CAFDBD}.Release|x86.ActiveCfg = Release|Any CPU
		{2FDBC64F-1C86-47AC-9DC3-D9D319CAFDBD}.Release|x86.Build.0 = Release|Any CPU
		{2B6A0D57-A5C7-4470-AF7A-B5E6D53A70FC}.Debug|Any CPU.ActiveCfg = Debug|Any CPU
		{2B6A0D57-A5C7-4470-AF7A-B5E6D53A70FC}.Debug|Any CPU.Build.0 = Debug|Any CPU
		{2B6A0D57-A5C7-4470-AF7A-B5E6D53A70FC}.Debug|x64.ActiveCfg = Debug|Any CPU
		{2B6A0D57-A5C7-4470-AF7A-B5E6D53A70FC}.Debug|x64.Build.0 = Debug|Any CPU
		{2B6A0D57-A5C7-4470-AF7A-B5E6D53A70FC}.Debug|x86.ActiveCfg = Debug|Any CPU
		{2B6A0D57-A5C7-4470-AF7A-B5E6D53A70FC}.Debug|x86.Build.0 = Debug|Any CPU
		{2B6A0D57-A5C7-4470-AF7A-B5E6D53A70FC}.Release|Any CPU.ActiveCfg = Release|Any CPU
		{2B6A0D57-A5C7-4470-AF7A-B5E6D53A70FC}.Release|Any CPU.Build.0 = Release|Any CPU
		{2B6A0D57-A5C7-4470-AF7A-B5E6D53A70FC}.Release|x64.ActiveCfg = Release|Any CPU
		{2B6A0D57-A5C7-4470-AF7A-B5E6D53A70FC}.Release|x64.Build.0 = Release|Any CPU
		{2B6A0D57-A5C7-4470-AF7A-B5E6D53A70FC}.Release|x86.ActiveCfg = Release|Any CPU
		{2B6A0D57-A5C7-4470-AF7A-B5E6D53A70FC}.Release|x86.Build.0 = Release|Any CPU
		{CCFE2AAA-C61A-4CB5-90AF-0AD5BAA84587}.Debug|Any CPU.ActiveCfg = Debug|Any CPU
		{CCFE2AAA-C61A-4CB5-90AF-0AD5BAA84587}.Debug|Any CPU.Build.0 = Debug|Any CPU
		{CCFE2AAA-C61A-4CB5-90AF-0AD5BAA84587}.Debug|x64.ActiveCfg = Debug|Any CPU
		{CCFE2AAA-C61A-4CB5-90AF-0AD5BAA84587}.Debug|x64.Build.0 = Debug|Any CPU
		{CCFE2AAA-C61A-4CB5-90AF-0AD5BAA84587}.Debug|x86.ActiveCfg = Debug|Any CPU
		{CCFE2AAA-C61A-4CB5-90AF-0AD5BAA84587}.Debug|x86.Build.0 = Debug|Any CPU
		{CCFE2AAA-C61A-4CB5-90AF-0AD5BAA84587}.Release|Any CPU.ActiveCfg = Release|Any CPU
		{CCFE2AAA-C61A-4CB5-90AF-0AD5BAA84587}.Release|Any CPU.Build.0 = Release|Any CPU
		{CCFE2AAA-C61A-4CB5-90AF-0AD5BAA84587}.Release|x64.ActiveCfg = Release|Any CPU
		{CCFE2AAA-C61A-4CB5-90AF-0AD5BAA84587}.Release|x64.Build.0 = Release|Any CPU
		{CCFE2AAA-C61A-4CB5-90AF-0AD5BAA84587}.Release|x86.ActiveCfg = Release|Any CPU
		{CCFE2AAA-C61A-4CB5-90AF-0AD5BAA84587}.Release|x86.Build.0 = Release|Any CPU
		{10D59031-83F3-4B89-9B5E-4D3FFF474BCA}.Debug|Any CPU.ActiveCfg = Debug|Any CPU
		{10D59031-83F3-4B89-9B5E-4D3FFF474BCA}.Debug|Any CPU.Build.0 = Debug|Any CPU
		{10D59031-83F3-4B89-9B5E-4D3FFF474BCA}.Debug|x64.ActiveCfg = Debug|Any CPU
		{10D59031-83F3-4B89-9B5E-4D3FFF474BCA}.Debug|x64.Build.0 = Debug|Any CPU
		{10D59031-83F3-4B89-9B5E-4D3FFF474BCA}.Debug|x86.ActiveCfg = Debug|Any CPU
		{10D59031-83F3-4B89-9B5E-4D3FFF474BCA}.Debug|x86.Build.0 = Debug|Any CPU
		{10D59031-83F3-4B89-9B5E-4D3FFF474BCA}.Release|Any CPU.ActiveCfg = Release|Any CPU
		{10D59031-83F3-4B89-9B5E-4D3FFF474BCA}.Release|Any CPU.Build.0 = Release|Any CPU
		{10D59031-83F3-4B89-9B5E-4D3FFF474BCA}.Release|x64.ActiveCfg = Release|Any CPU
		{10D59031-83F3-4B89-9B5E-4D3FFF474BCA}.Release|x64.Build.0 = Release|Any CPU
		{10D59031-83F3-4B89-9B5E-4D3FFF474BCA}.Release|x86.ActiveCfg = Release|Any CPU
		{10D59031-83F3-4B89-9B5E-4D3FFF474BCA}.Release|x86.Build.0 = Release|Any CPU
		{0C82D80F-3F89-4036-9D31-9DDB8342AFF3}.Debug|Any CPU.ActiveCfg = Debug|Any CPU
		{0C82D80F-3F89-4036-9D31-9DDB8342AFF3}.Debug|Any CPU.Build.0 = Debug|Any CPU
		{0C82D80F-3F89-4036-9D31-9DDB8342AFF3}.Debug|x64.ActiveCfg = Debug|Any CPU
		{0C82D80F-3F89-4036-9D31-9DDB8342AFF3}.Debug|x64.Build.0 = Debug|Any CPU
		{0C82D80F-3F89-4036-9D31-9DDB8342AFF3}.Debug|x86.ActiveCfg = Debug|Any CPU
		{0C82D80F-3F89-4036-9D31-9DDB8342AFF3}.Debug|x86.Build.0 = Debug|Any CPU
		{0C82D80F-3F89-4036-9D31-9DDB8342AFF3}.Release|Any CPU.ActiveCfg = Release|Any CPU
		{0C82D80F-3F89-4036-9D31-9DDB8342AFF3}.Release|Any CPU.Build.0 = Release|Any CPU
		{0C82D80F-3F89-4036-9D31-9DDB8342AFF3}.Release|x64.ActiveCfg = Release|Any CPU
		{0C82D80F-3F89-4036-9D31-9DDB8342AFF3}.Release|x64.Build.0 = Release|Any CPU
		{0C82D80F-3F89-4036-9D31-9DDB8342AFF3}.Release|x86.ActiveCfg = Release|Any CPU
		{0C82D80F-3F89-4036-9D31-9DDB8342AFF3}.Release|x86.Build.0 = Release|Any CPU
		{294E4CA6-6E18-4757-9CFB-12BCB4EED2E1}.Debug|Any CPU.ActiveCfg = Debug|Any CPU
		{294E4CA6-6E18-4757-9CFB-12BCB4EED2E1}.Debug|Any CPU.Build.0 = Debug|Any CPU
		{294E4CA6-6E18-4757-9CFB-12BCB4EED2E1}.Debug|x64.ActiveCfg = Debug|Any CPU
		{294E4CA6-6E18-4757-9CFB-12BCB4EED2E1}.Debug|x64.Build.0 = Debug|Any CPU
		{294E4CA6-6E18-4757-9CFB-12BCB4EED2E1}.Debug|x86.ActiveCfg = Debug|Any CPU
		{294E4CA6-6E18-4757-9CFB-12BCB4EED2E1}.Debug|x86.Build.0 = Debug|Any CPU
		{294E4CA6-6E18-4757-9CFB-12BCB4EED2E1}.Release|Any CPU.ActiveCfg = Release|Any CPU
		{294E4CA6-6E18-4757-9CFB-12BCB4EED2E1}.Release|Any CPU.Build.0 = Release|Any CPU
		{294E4CA6-6E18-4757-9CFB-12BCB4EED2E1}.Release|x64.ActiveCfg = Release|Any CPU
		{294E4CA6-6E18-4757-9CFB-12BCB4EED2E1}.Release|x64.Build.0 = Release|Any CPU
		{294E4CA6-6E18-4757-9CFB-12BCB4EED2E1}.Release|x86.ActiveCfg = Release|Any CPU
		{294E4CA6-6E18-4757-9CFB-12BCB4EED2E1}.Release|x86.Build.0 = Release|Any CPU
		{083B9998-373D-4784-A8FA-54DF9E7C479C}.Debug|Any CPU.ActiveCfg = Debug|Any CPU
		{083B9998-373D-4784-A8FA-54DF9E7C479C}.Debug|Any CPU.Build.0 = Debug|Any CPU
		{083B9998-373D-4784-A8FA-54DF9E7C479C}.Debug|x64.ActiveCfg = Debug|Any CPU
		{083B9998-373D-4784-A8FA-54DF9E7C479C}.Debug|x64.Build.0 = Debug|Any CPU
		{083B9998-373D-4784-A8FA-54DF9E7C479C}.Debug|x86.ActiveCfg = Debug|Any CPU
		{083B9998-373D-4784-A8FA-54DF9E7C479C}.Debug|x86.Build.0 = Debug|Any CPU
		{083B9998-373D-4784-A8FA-54DF9E7C479C}.Release|Any CPU.ActiveCfg = Release|Any CPU
		{083B9998-373D-4784-A8FA-54DF9E7C479C}.Release|Any CPU.Build.0 = Release|Any CPU
		{083B9998-373D-4784-A8FA-54DF9E7C479C}.Release|x64.ActiveCfg = Release|Any CPU
		{083B9998-373D-4784-A8FA-54DF9E7C479C}.Release|x64.Build.0 = Release|Any CPU
		{083B9998-373D-4784-A8FA-54DF9E7C479C}.Release|x86.ActiveCfg = Release|Any CPU
		{083B9998-373D-4784-A8FA-54DF9E7C479C}.Release|x86.Build.0 = Release|Any CPU
		{089AEEC5-DE80-4A0E-AC0F-CDC7986BDE79}.Debug|Any CPU.ActiveCfg = Debug|Any CPU
		{089AEEC5-DE80-4A0E-AC0F-CDC7986BDE79}.Debug|Any CPU.Build.0 = Debug|Any CPU
		{089AEEC5-DE80-4A0E-AC0F-CDC7986BDE79}.Debug|x64.ActiveCfg = Debug|Any CPU
		{089AEEC5-DE80-4A0E-AC0F-CDC7986BDE79}.Debug|x64.Build.0 = Debug|Any CPU
		{089AEEC5-DE80-4A0E-AC0F-CDC7986BDE79}.Debug|x86.ActiveCfg = Debug|Any CPU
		{089AEEC5-DE80-4A0E-AC0F-CDC7986BDE79}.Debug|x86.Build.0 = Debug|Any CPU
		{089AEEC5-DE80-4A0E-AC0F-CDC7986BDE79}.Release|Any CPU.ActiveCfg = Release|Any CPU
		{089AEEC5-DE80-4A0E-AC0F-CDC7986BDE79}.Release|Any CPU.Build.0 = Release|Any CPU
		{089AEEC5-DE80-4A0E-AC0F-CDC7986BDE79}.Release|x64.ActiveCfg = Release|Any CPU
		{089AEEC5-DE80-4A0E-AC0F-CDC7986BDE79}.Release|x64.Build.0 = Release|Any CPU
		{089AEEC5-DE80-4A0E-AC0F-CDC7986BDE79}.Release|x86.ActiveCfg = Release|Any CPU
		{089AEEC5-DE80-4A0E-AC0F-CDC7986BDE79}.Release|x86.Build.0 = Release|Any CPU
		{6A4DF40F-F5D9-49C4-A1CF-44575652D86B}.Debug|Any CPU.ActiveCfg = Debug|Any CPU
		{6A4DF40F-F5D9-49C4-A1CF-44575652D86B}.Debug|Any CPU.Build.0 = Debug|Any CPU
		{6A4DF40F-F5D9-49C4-A1CF-44575652D86B}.Debug|x64.ActiveCfg = Debug|Any CPU
		{6A4DF40F-F5D9-49C4-A1CF-44575652D86B}.Debug|x64.Build.0 = Debug|Any CPU
		{6A4DF40F-F5D9-49C4-A1CF-44575652D86B}.Debug|x86.ActiveCfg = Debug|Any CPU
		{6A4DF40F-F5D9-49C4-A1CF-44575652D86B}.Debug|x86.Build.0 = Debug|Any CPU
		{6A4DF40F-F5D9-49C4-A1CF-44575652D86B}.Release|Any CPU.ActiveCfg = Release|Any CPU
		{6A4DF40F-F5D9-49C4-A1CF-44575652D86B}.Release|Any CPU.Build.0 = Release|Any CPU
		{6A4DF40F-F5D9-49C4-A1CF-44575652D86B}.Release|x64.ActiveCfg = Release|Any CPU
		{6A4DF40F-F5D9-49C4-A1CF-44575652D86B}.Release|x64.Build.0 = Release|Any CPU
		{6A4DF40F-F5D9-49C4-A1CF-44575652D86B}.Release|x86.ActiveCfg = Release|Any CPU
		{6A4DF40F-F5D9-49C4-A1CF-44575652D86B}.Release|x86.Build.0 = Release|Any CPU
		{10EC5C15-469A-40D0-89B6-022AF880BDD2}.Debug|Any CPU.ActiveCfg = Debug|Any CPU
		{10EC5C15-469A-40D0-89B6-022AF880BDD2}.Debug|Any CPU.Build.0 = Debug|Any CPU
		{10EC5C15-469A-40D0-89B6-022AF880BDD2}.Debug|x64.ActiveCfg = Debug|Any CPU
		{10EC5C15-469A-40D0-89B6-022AF880BDD2}.Debug|x64.Build.0 = Debug|Any CPU
		{10EC5C15-469A-40D0-89B6-022AF880BDD2}.Debug|x86.ActiveCfg = Debug|Any CPU
		{10EC5C15-469A-40D0-89B6-022AF880BDD2}.Debug|x86.Build.0 = Debug|Any CPU
		{10EC5C15-469A-40D0-89B6-022AF880BDD2}.Release|Any CPU.ActiveCfg = Release|Any CPU
		{10EC5C15-469A-40D0-89B6-022AF880BDD2}.Release|Any CPU.Build.0 = Release|Any CPU
		{10EC5C15-469A-40D0-89B6-022AF880BDD2}.Release|x64.ActiveCfg = Release|Any CPU
		{10EC5C15-469A-40D0-89B6-022AF880BDD2}.Release|x64.Build.0 = Release|Any CPU
		{10EC5C15-469A-40D0-89B6-022AF880BDD2}.Release|x86.ActiveCfg = Release|Any CPU
		{10EC5C15-469A-40D0-89B6-022AF880BDD2}.Release|x86.Build.0 = Release|Any CPU
		{DD4F6EC3-C8A8-4DF3-B411-03E2E272C30F}.Debug|Any CPU.ActiveCfg = Debug|Any CPU
		{DD4F6EC3-C8A8-4DF3-B411-03E2E272C30F}.Debug|Any CPU.Build.0 = Debug|Any CPU
		{DD4F6EC3-C8A8-4DF3-B411-03E2E272C30F}.Debug|x64.ActiveCfg = Debug|Any CPU
		{DD4F6EC3-C8A8-4DF3-B411-03E2E272C30F}.Debug|x64.Build.0 = Debug|Any CPU
		{DD4F6EC3-C8A8-4DF3-B411-03E2E272C30F}.Debug|x86.ActiveCfg = Debug|Any CPU
		{DD4F6EC3-C8A8-4DF3-B411-03E2E272C30F}.Debug|x86.Build.0 = Debug|Any CPU
		{DD4F6EC3-C8A8-4DF3-B411-03E2E272C30F}.Release|Any CPU.ActiveCfg = Release|Any CPU
		{DD4F6EC3-C8A8-4DF3-B411-03E2E272C30F}.Release|Any CPU.Build.0 = Release|Any CPU
		{DD4F6EC3-C8A8-4DF3-B411-03E2E272C30F}.Release|x64.ActiveCfg = Release|Any CPU
		{DD4F6EC3-C8A8-4DF3-B411-03E2E272C30F}.Release|x64.Build.0 = Release|Any CPU
		{DD4F6EC3-C8A8-4DF3-B411-03E2E272C30F}.Release|x86.ActiveCfg = Release|Any CPU
		{DD4F6EC3-C8A8-4DF3-B411-03E2E272C30F}.Release|x86.Build.0 = Release|Any CPU
	EndGlobalSection
	GlobalSection(SolutionProperties) = preSolution
		HideSolutionNode = FALSE
	EndGlobalSection
	GlobalSection(NestedProjects) = preSolution
		{6710EE95-B96C-430B-902B-95D9ADE00327} = {B15AC219-4803-4667-9ABD-2C08B34F7A60}
		{D1DEC056-FA95-40AC-B1FC-27E9D9895C56} = {B15AC219-4803-4667-9ABD-2C08B34F7A60}
		{A08F62B8-7093-48F4-AB7B-C258DA91E17D} = {BF9E1011-C3BF-4A89-9E17-5A280AC889C5}
		{A2A05CD3-BCCE-4EC5-80B6-34747EA26AFB} = {BF9E1011-C3BF-4A89-9E17-5A280AC889C5}
		{4C438341-93F0-40D9-B46F-96C64E5383A5} = {BF9E1011-C3BF-4A89-9E17-5A280AC889C5}
		{9A576CF5-F0FA-4E5C-897B-998242DC1D0A} = {BF9E1011-C3BF-4A89-9E17-5A280AC889C5}
		{E20507D9-C30E-44F7-AFF4-956172A5A3BC} = {BF9E1011-C3BF-4A89-9E17-5A280AC889C5}
		{E865891D-361B-4878-9EBB-B87854D45CE0} = {BF9E1011-C3BF-4A89-9E17-5A280AC889C5}
		{F9ABC83E-1193-4449-AEB1-FEA6B15ED374} = {BF9E1011-C3BF-4A89-9E17-5A280AC889C5}
		{0D78D734-6090-4457-B792-4C36D4CBB742} = {C028ED1C-47FB-440F-B488-EEF7F6BFA7B4}
		{4CAB6AD6-A32A-42EC-B653-FF067C2172BE} = {C028ED1C-47FB-440F-B488-EEF7F6BFA7B4}
		{5041DC6B-4BDC-4CEB-A5D7-0C1FFDE0A59A} = {A67B19F3-0567-4B2B-9231-8E3548DA45BD}
		{B0CF60B2-84E2-4822-938F-3E6394D3FE67} = {A67B19F3-0567-4B2B-9231-8E3548DA45BD}
		{3C8B601B-5D38-4CB3-92A6-5EE3889D2E7B} = {B15AC219-4803-4667-9ABD-2C08B34F7A60}
		{09CA2200-4CEE-492C-9E85-D36A88C1C429} = {40903D5F-28D2-4C6B-9527-2CCE09BD1635}
		{B7919B83-B47A-416E-98EF-30C4B0DDA703} = {40903D5F-28D2-4C6B-9527-2CCE09BD1635}
		{4D83DDC5-2FA1-42DB-AA65-D41FEDAA8BE7} = {40903D5F-28D2-4C6B-9527-2CCE09BD1635}
		{EBAB29D8-A3ED-4846-922D-5CE5F8C48167} = {47578D60-544D-4B75-BDA3-CCEF01DF7A8C}
		{B3B79890-EB3E-4582-8E1D-0E49CBC0D8F4} = {47578D60-544D-4B75-BDA3-CCEF01DF7A8C}
		{CE05BBC0-8AD9-4AD3-9D0E-377ACADEE8D8} = {BD78A49F-0DCD-486D-A312-88ECB193465E}
		{10D59031-83F3-4B89-9B5E-4D3FFF474BCA} = {40903D5F-28D2-4C6B-9527-2CCE09BD1635}
		{294E4CA6-6E18-4757-9CFB-12BCB4EED2E1} = {162D5174-6275-40F9-B34F-6981D072A0BF}
		{089AEEC5-DE80-4A0E-AC0F-CDC7986BDE79} = {BD78A49F-0DCD-486D-A312-88ECB193465E}
		{6A4DF40F-F5D9-49C4-A1CF-44575652D86B} = {BD78A49F-0DCD-486D-A312-88ECB193465E}
	EndGlobalSection
	GlobalSection(ExtensibilityGlobals) = postSolution
		SolutionGuid = {3EEFBAE4-764A-4969-BB8A-973F95DF5F16}
	EndGlobalSection
EndGlobal
