
Microsoft Visual Studio Solution File, Format Version 12.00
# Visual Studio 15
VisualStudioVersion = 15.0.26730.15
MinimumVisualStudioVersion = 10.0.40219.1
Project("{9A19103F-16F7-4668-BE54-9A1E7A4F7556}") = "UnitTest", "UnitTest\UnitTest.csproj", "{35FE531D-CC85-409C-85A4-30B513AD6EF9}"
EndProject
Project("{9A19103F-16F7-4668-BE54-9A1E7A4F7556}") = "MiddlewareDemo", "MiddlewareDemo\MiddlewareDemo.csproj", "{FE85B3B2-6892-4689-A926-1385C3C42DE6}"
EndProject
Project("{9A19103F-16F7-4668-BE54-9A1E7A4F7556}") = "Robert.Middleware", "Robert.Middleware\Robert.Middleware.csproj", "{743526C8-45A3-479E-8D15-3B45406B474B}"
EndProject
Project("{9A19103F-16F7-4668-BE54-9A1E7A4F7556}") = "WebSocketsDemo", "WebSocketsDemo\WebSocketsDemo.csproj", "{8101A017-C182-4742-996B-73AD8F34E9B2}"
EndProject
Project("{FAE04EC0-301F-11D3-BF4B-00C04F79EFBC}") = "RealTimeChatWebSocketDemo", "RealTimeChatWebSocketDemo\RealTimeChatWebSocketDemo.csproj", "{F6DFA0B1-92F7-4A28-A479-EC0CBA9E723C}"
EndProject
Project("{2150E333-8FDC-42A3-9474-1A3956D46DE8}") = "Test", "Test", "{63D147E1-8D2E-43D4-B322-6C1F1D61531A}"
EndProject
Project("{2150E333-8FDC-42A3-9474-1A3956D46DE8}") = "Middleware", "Middleware", "{38B5F4D5-AA10-4FD8-B42F-41B0C198BE5B}"
EndProject
Project("{2150E333-8FDC-42A3-9474-1A3956D46DE8}") = "WebSocket", "WebSocket", "{BE1E4CE0-3294-4A48-8103-BEF2A42FAF08}"
EndProject
Project("{FAE04EC0-301F-11D3-BF4B-00C04F79EFBC}") = "WebSocketManage", "WebSocketManage\WebSocketManage.csproj", "{5008F49B-086F-4B83-8A62-C201F0126887}"
EndProject
Project("{FAE04EC0-301F-11D3-BF4B-00C04F79EFBC}") = "WebSocketCommon", "WebSocketCommon\WebSocketCommon.csproj", "{EDD6193C-D4D7-47A6-87B4-64C30BC98D39}"
EndProject
Global
	GlobalSection(SolutionConfigurationPlatforms) = preSolution
		Debug|Any CPU = Debug|Any CPU
		Release|Any CPU = Release|Any CPU
	EndGlobalSection
	GlobalSection(ProjectConfigurationPlatforms) = postSolution
		{35FE531D-CC85-409C-85A4-30B513AD6EF9}.Debug|Any CPU.ActiveCfg = Debug|Any CPU
		{35FE531D-CC85-409C-85A4-30B513AD6EF9}.Debug|Any CPU.Build.0 = Debug|Any CPU
		{35FE531D-CC85-409C-85A4-30B513AD6EF9}.Release|Any CPU.ActiveCfg = Release|Any CPU
		{35FE531D-CC85-409C-85A4-30B513AD6EF9}.Release|Any CPU.Build.0 = Release|Any CPU
		{FE85B3B2-6892-4689-A926-1385C3C42DE6}.Debug|Any CPU.ActiveCfg = Debug|Any CPU
		{FE85B3B2-6892-4689-A926-1385C3C42DE6}.Debug|Any CPU.Build.0 = Debug|Any CPU
		{FE85B3B2-6892-4689-A926-1385C3C42DE6}.Release|Any CPU.ActiveCfg = Release|Any CPU
		{FE85B3B2-6892-4689-A926-1385C3C42DE6}.Release|Any CPU.Build.0 = Release|Any CPU
		{743526C8-45A3-479E-8D15-3B45406B474B}.Debug|Any CPU.ActiveCfg = Debug|Any CPU
		{743526C8-45A3-479E-8D15-3B45406B474B}.Debug|Any CPU.Build.0 = Debug|Any CPU
		{743526C8-45A3-479E-8D15-3B45406B474B}.Release|Any CPU.ActiveCfg = Release|Any CPU
		{743526C8-45A3-479E-8D15-3B45406B474B}.Release|Any CPU.Build.0 = Release|Any CPU
		{8101A017-C182-4742-996B-73AD8F34E9B2}.Debug|Any CPU.ActiveCfg = Debug|Any CPU
		{8101A017-C182-4742-996B-73AD8F34E9B2}.Debug|Any CPU.Build.0 = Debug|Any CPU
		{8101A017-C182-4742-996B-73AD8F34E9B2}.Release|Any CPU.ActiveCfg = Release|Any CPU
		{8101A017-C182-4742-996B-73AD8F34E9B2}.Release|Any CPU.Build.0 = Release|Any CPU
		{F6DFA0B1-92F7-4A28-A479-EC0CBA9E723C}.Debug|Any CPU.ActiveCfg = Debug|Any CPU
		{F6DFA0B1-92F7-4A28-A479-EC0CBA9E723C}.Debug|Any CPU.Build.0 = Debug|Any CPU
		{F6DFA0B1-92F7-4A28-A479-EC0CBA9E723C}.Release|Any CPU.ActiveCfg = Release|Any CPU
		{F6DFA0B1-92F7-4A28-A479-EC0CBA9E723C}.Release|Any CPU.Build.0 = Release|Any CPU
		{5008F49B-086F-4B83-8A62-C201F0126887}.Debug|Any CPU.ActiveCfg = Debug|Any CPU
		{5008F49B-086F-4B83-8A62-C201F0126887}.Debug|Any CPU.Build.0 = Debug|Any CPU
		{5008F49B-086F-4B83-8A62-C201F0126887}.Release|Any CPU.ActiveCfg = Release|Any CPU
		{5008F49B-086F-4B83-8A62-C201F0126887}.Release|Any CPU.Build.0 = Release|Any CPU
		{EDD6193C-D4D7-47A6-87B4-64C30BC98D39}.Debug|Any CPU.ActiveCfg = Debug|Any CPU
		{EDD6193C-D4D7-47A6-87B4-64C30BC98D39}.Debug|Any CPU.Build.0 = Debug|Any CPU
		{EDD6193C-D4D7-47A6-87B4-64C30BC98D39}.Release|Any CPU.ActiveCfg = Release|Any CPU
		{EDD6193C-D4D7-47A6-87B4-64C30BC98D39}.Release|Any CPU.Build.0 = Release|Any CPU
	EndGlobalSection
	GlobalSection(SolutionProperties) = preSolution
		HideSolutionNode = FALSE
	EndGlobalSection
	GlobalSection(NestedProjects) = preSolution
		{35FE531D-CC85-409C-85A4-30B513AD6EF9} = {63D147E1-8D2E-43D4-B322-6C1F1D61531A}
		{FE85B3B2-6892-4689-A926-1385C3C42DE6} = {38B5F4D5-AA10-4FD8-B42F-41B0C198BE5B}
		{743526C8-45A3-479E-8D15-3B45406B474B} = {38B5F4D5-AA10-4FD8-B42F-41B0C198BE5B}
		{8101A017-C182-4742-996B-73AD8F34E9B2} = {BE1E4CE0-3294-4A48-8103-BEF2A42FAF08}
		{F6DFA0B1-92F7-4A28-A479-EC0CBA9E723C} = {BE1E4CE0-3294-4A48-8103-BEF2A42FAF08}
		{5008F49B-086F-4B83-8A62-C201F0126887} = {BE1E4CE0-3294-4A48-8103-BEF2A42FAF08}
		{EDD6193C-D4D7-47A6-87B4-64C30BC98D39} = {BE1E4CE0-3294-4A48-8103-BEF2A42FAF08}
	EndGlobalSection
	GlobalSection(ExtensibilityGlobals) = postSolution
		SolutionGuid = {3EEFBAE4-764A-4969-BB8A-973F95DF5F16}
	EndGlobalSection
EndGlobal
