
Microsoft Visual Studio Solution File, Format Version 12.00
# Visual Studio Version 16
VisualStudioVersion = 16.0.30717.126
MinimumVisualStudioVersion = 10.0.40219.1
Project("{FAE04EC0-301F-11D3-BF4B-00C04F79EFBC}") = "DEADLockWpf", "DEADLockWpf\DEADLockWpf.csproj", "{A708FF0A-0470-4395-AF9F-649DDD109C83}"
EndProject
Project("{FAE04EC0-301F-11D3-BF4B-00C04F79EFBC}") = "windbg-project", "windbg-project\windbg-project.csproj", "{83FA3FBF-E275-4058-AC72-32B5BEB1B879}"
EndProject
Project("{FAE04EC0-301F-11D3-BF4B-00C04F79EFBC}") = "XAMLProject", "XAMLProject\XAMLProject.csproj", "{7A575BD5-C8F0-40B3-BC4A-ACB1B4168466}"
EndProject
Global
	GlobalSection(SolutionConfigurationPlatforms) = preSolution
		Debug|Any CPU = Debug|Any CPU
		Release|Any CPU = Release|Any CPU
	EndGlobalSection
	GlobalSection(ProjectConfigurationPlatforms) = postSolution
		{A708FF0A-0470-4395-AF9F-649DDD109C83}.Debug|Any CPU.ActiveCfg = Debug|Any CPU
		{A708FF0A-0470-4395-AF9F-649DDD109C83}.Debug|Any CPU.Build.0 = Debug|Any CPU
		{A708FF0A-0470-4395-AF9F-649DDD109C83}.Release|Any CPU.ActiveCfg = Release|Any CPU
		{A708FF0A-0470-4395-AF9F-649DDD109C83}.Release|Any CPU.Build.0 = Release|Any CPU
		{83FA3FBF-E275-4058-AC72-32B5BEB1B879}.Debug|Any CPU.ActiveCfg = Debug|Any CPU
		{83FA3FBF-E275-4058-AC72-32B5BEB1B879}.Debug|Any CPU.Build.0 = Debug|Any CPU
		{83FA3FBF-E275-4058-AC72-32B5BEB1B879}.Release|Any CPU.ActiveCfg = Release|Any CPU
		{83FA3FBF-E275-4058-AC72-32B5BEB1B879}.Release|Any CPU.Build.0 = Release|Any CPU
		{7A575BD5-C8F0-40B3-BC4A-ACB1B4168466}.Debug|Any CPU.ActiveCfg = Debug|Any CPU
		{7A575BD5-C8F0-40B3-BC4A-ACB1B4168466}.Debug|Any CPU.Build.0 = Debug|Any CPU
		{7A575BD5-C8F0-40B3-BC4A-ACB1B4168466}.Release|Any CPU.ActiveCfg = Release|Any CPU
		{7A575BD5-C8F0-40B3-BC4A-ACB1B4168466}.Release|Any CPU.Build.0 = Release|Any CPU
	EndGlobalSection
	GlobalSection(SolutionProperties) = preSolution
		HideSolutionNode = FALSE
	EndGlobalSection
	GlobalSection(ExtensibilityGlobals) = postSolution
		SolutionGuid = {6B585E27-CE63-42AA-AAA6-19E5FB9B0F7A}
	EndGlobalSection
EndGlobal
